// !$*UTF8*$!
{
	archiveVersion = 1;
	classes = {
	};
	objectVersion = 50;
	objects = {

/* Begin PBXBuildFile section */
		97319EAD27635BFC0084371A /* LoadFeedFromCacheUseCaseTests.swift in Sources */ = {isa = PBXBuildFile; fileRef = 97319EAC27635BFC0084371A /* LoadFeedFromCacheUseCaseTests.swift */; };
		97319EB027635C160084371A /* FeedStoreSpy.swift in Sources */ = {isa = PBXBuildFile; fileRef = 97319EAF27635C160084371A /* FeedStoreSpy.swift */; };
		9736696E278C4A45002FEB53 /* FeedStoreSpecs.swift in Sources */ = {isa = PBXBuildFile; fileRef = 9736696D278C4A45002FEB53 /* FeedStoreSpecs.swift */; };
		97366970278C4A93002FEB53 /* XCTestCase+FailableDeleteFeedStoreSpecs.swift in Sources */ = {isa = PBXBuildFile; fileRef = 9736696F278C4A93002FEB53 /* XCTestCase+FailableDeleteFeedStoreSpecs.swift */; };
		97366972278C4ACD002FEB53 /* XCTestCase+FailableInsertFeedStoreSpecs.swift in Sources */ = {isa = PBXBuildFile; fileRef = 97366971278C4ACD002FEB53 /* XCTestCase+FailableInsertFeedStoreSpecs.swift */; };
		97366974278C4B1A002FEB53 /* XCTestCase+FailableRetrieveFeedStoreSpecs.swift in Sources */ = {isa = PBXBuildFile; fileRef = 97366973278C4B1A002FEB53 /* XCTestCase+FailableRetrieveFeedStoreSpecs.swift */; };
		97366976278C4B54002FEB53 /* XCTestCase+FeedStoreSpecs.swift in Sources */ = {isa = PBXBuildFile; fileRef = 97366975278C4B54002FEB53 /* XCTestCase+FeedStoreSpecs.swift */; };
		974018D1275F773F00F01F4C /* RemoteFeedItem.swift in Sources */ = {isa = PBXBuildFile; fileRef = 974018D0275F773F00F01F4C /* RemoteFeedItem.swift */; };
		974018D3275F7AEF00F01F4C /* LocalFeedImage.swift in Sources */ = {isa = PBXBuildFile; fileRef = 974018D2275F7AEF00F01F4C /* LocalFeedImage.swift */; };
		9768FA9D278F25C700D487D3 /* FeedStore.xcdatamodeld in Sources */ = {isa = PBXBuildFile; fileRef = 9768FA9B278F25C700D487D3 /* FeedStore.xcdatamodeld */; };
		9768FA9F278F27B700D487D3 /* CoreDataFeedStore.swift in Sources */ = {isa = PBXBuildFile; fileRef = 9768FA9E278F27B700D487D3 /* CoreDataFeedStore.swift */; };
		9768FAA1278F281300D487D3 /* CoreDataHelpers.swift in Sources */ = {isa = PBXBuildFile; fileRef = 9768FAA0278F281300D487D3 /* CoreDataHelpers.swift */; };
		9768FAA3278F284700D487D3 /* ManagedCache.swift in Sources */ = {isa = PBXBuildFile; fileRef = 9768FAA2278F284700D487D3 /* ManagedCache.swift */; };
		9768FAA5278F285F00D487D3 /* ManagedFeedImage.swift in Sources */ = {isa = PBXBuildFile; fileRef = 9768FAA4278F285F00D487D3 /* ManagedFeedImage.swift */; };
		9768FAA7278F29A000D487D3 /* CoreDataFeedStoreTests.swift in Sources */ = {isa = PBXBuildFile; fileRef = 9768FAA6278F29A000D487D3 /* CoreDataFeedStoreTests.swift */; };
		9768FAAF278F370B00D487D3 /* EssentialFeedCacheIntegrationTests.swift in Sources */ = {isa = PBXBuildFile; fileRef = 9768FAAE278F370B00D487D3 /* EssentialFeedCacheIntegrationTests.swift */; };
		9768FAB0278F370B00D487D3 /* EssentialFeed.framework in Frameworks */ = {isa = PBXBuildFile; fileRef = DF967F5D274A8B0A005AC4DE /* EssentialFeed.framework */; };
		9768FAB6278F379300D487D3 /* XCTestCase+MemoryLeakTracking.swift in Sources */ = {isa = PBXBuildFile; fileRef = DF967F98274A8B99005AC4DE /* XCTestCase+MemoryLeakTracking.swift */; };
		9768FAB7278F380400D487D3 /* FeedCacheTestHelpers.swift in Sources */ = {isa = PBXBuildFile; fileRef = 97E6532B276A2D7700F0E6EF /* FeedCacheTestHelpers.swift */; };
		9768FAB8278F382300D487D3 /* SharedTestHelpers.swift in Sources */ = {isa = PBXBuildFile; fileRef = 97E6532D276A2DB300F0E6EF /* SharedTestHelpers.swift */; };
		976AA816278462B400E36972 /* CodableFeedStoreTests.swift in Sources */ = {isa = PBXBuildFile; fileRef = 976AA815278462B400E36972 /* CodableFeedStoreTests.swift */; };
		976AA81827846E3000E36972 /* CodableFeedStore.swift in Sources */ = {isa = PBXBuildFile; fileRef = 976AA81727846E3000E36972 /* CodableFeedStore.swift */; };
		97C7B3952910A05E00C9A75B /* EssentialFeediOS.framework in Frameworks */ = {isa = PBXBuildFile; fileRef = 97C7B38D2910A05D00C9A75B /* EssentialFeediOS.framework */; };
		97C7B3A32910A2DE00C9A75B /* FeedViewController.swift in Sources */ = {isa = PBXBuildFile; fileRef = 97C7B3A22910A2DE00C9A75B /* FeedViewController.swift */; };
		97C7B3A52910A31500C9A75B /* FeedViewControllerTests.swift in Sources */ = {isa = PBXBuildFile; fileRef = 97C7B3A42910A31500C9A75B /* FeedViewControllerTests.swift */; };
		97C7B3A72910A35800C9A75B /* XCTestCase+MemoryLeakTracking.swift in Sources */ = {isa = PBXBuildFile; fileRef = DF967F98274A8B99005AC4DE /* XCTestCase+MemoryLeakTracking.swift */; };
		97C7B3A92910A44600C9A75B /* FeedImageCell.swift in Sources */ = {isa = PBXBuildFile; fileRef = 97C7B3A82910A44600C9A75B /* FeedImageCell.swift */; };
		97C7B3AB2910A49600C9A75B /* UIView+Shimmering.swift in Sources */ = {isa = PBXBuildFile; fileRef = 97C7B3AA2910A49600C9A75B /* UIView+Shimmering.swift */; };
		97C7B3AE2910A58700C9A75B /* FeedImageDataLoader.swift in Sources */ = {isa = PBXBuildFile; fileRef = 97C7B3AD2910A58700C9A75B /* FeedImageDataLoader.swift */; };
		97C7B3B42910A5F700C9A75B /* FeedUIComposer.swift in Sources */ = {isa = PBXBuildFile; fileRef = 97C7B3B32910A5F700C9A75B /* FeedUIComposer.swift */; };
		97C7B3B62910A62300C9A75B /* FeedImageCellController.swift in Sources */ = {isa = PBXBuildFile; fileRef = 97C7B3B52910A62300C9A75B /* FeedImageCellController.swift */; };
		97C7B3B82910A64400C9A75B /* FeedRefrestViewController.swift in Sources */ = {isa = PBXBuildFile; fileRef = 97C7B3B72910A64400C9A75B /* FeedRefrestViewController.swift */; };
		97C7B3BC2910A6DF00C9A75B /* FeedImageCell+TestHelpers.swift in Sources */ = {isa = PBXBuildFile; fileRef = 97C7B3BB2910A6DF00C9A75B /* FeedImageCell+TestHelpers.swift */; };
		97C7B3BE2910A71700C9A75B /* FeedViewController+TestHelpers.swift in Sources */ = {isa = PBXBuildFile; fileRef = 97C7B3BD2910A71700C9A75B /* FeedViewController+TestHelpers.swift */; };
		97C7B3C12910A76900C9A75B /* FeedViewController+Assertions.swift in Sources */ = {isa = PBXBuildFile; fileRef = 97C7B3C02910A76900C9A75B /* FeedViewController+Assertions.swift */; };
		97C7B3C32910A7A100C9A75B /* FeedViewControllerTests+LoaderSpy.swift in Sources */ = {isa = PBXBuildFile; fileRef = 97C7B3C22910A7A100C9A75B /* FeedViewControllerTests+LoaderSpy.swift */; };
		97C7B3C62910A7DB00C9A75B /* UIButton+TestHelpers.swift in Sources */ = {isa = PBXBuildFile; fileRef = 97C7B3C52910A7DB00C9A75B /* UIButton+TestHelpers.swift */; };
		97C7B3C82910A80300C9A75B /* UIControl+TestHelpers.swift in Sources */ = {isa = PBXBuildFile; fileRef = 97C7B3C72910A80300C9A75B /* UIControl+TestHelpers.swift */; };
		97C7B3CB2910A85100C9A75B /* UIImage+TestHelpers.swift in Sources */ = {isa = PBXBuildFile; fileRef = 97C7B3CA2910A85100C9A75B /* UIImage+TestHelpers.swift */; };
		97C7B3CD2910A87100C9A75B /* UIRefreshControl+TestHelpers.swift in Sources */ = {isa = PBXBuildFile; fileRef = 97C7B3CC2910A87100C9A75B /* UIRefreshControl+TestHelpers.swift */; };
		97E6532C276A2D7700F0E6EF /* FeedCacheTestHelpers.swift in Sources */ = {isa = PBXBuildFile; fileRef = 97E6532B276A2D7700F0E6EF /* FeedCacheTestHelpers.swift */; };
		97E6532E276A2DB300F0E6EF /* SharedTestHelpers.swift in Sources */ = {isa = PBXBuildFile; fileRef = 97E6532D276A2DB300F0E6EF /* SharedTestHelpers.swift */; };
		97E65330276A305600F0E6EF /* ValidadeFeedCacheUseCaseTests.swift in Sources */ = {isa = PBXBuildFile; fileRef = 97E6532F276A305600F0E6EF /* ValidadeFeedCacheUseCaseTests.swift */; };
		97E67AFB276CABC300630646 /* FeedCachePolicy.swift in Sources */ = {isa = PBXBuildFile; fileRef = 97E67AFA276CABC300630646 /* FeedCachePolicy.swift */; };
		97EAD210275A4432003FC155 /* LocalFeedLoader.swift in Sources */ = {isa = PBXBuildFile; fileRef = 97EAD20E275A440B003FC155 /* LocalFeedLoader.swift */; };
		97EAD212275A4452003FC155 /* FeedStore.swift in Sources */ = {isa = PBXBuildFile; fileRef = 97EAD20C275A43EA003FC155 /* FeedStore.swift */; };
		97ED4EB02754FA72002106A2 /* CacheFeedUseCaseTests.swift in Sources */ = {isa = PBXBuildFile; fileRef = 97ED4EAF2754FA72002106A2 /* CacheFeedUseCaseTests.swift */; };
		DF967F67274A8B0A005AC4DE /* EssentialFeed.framework in Frameworks */ = {isa = PBXBuildFile; fileRef = DF967F5D274A8B0A005AC4DE /* EssentialFeed.framework */; };
		DF967F84274A8B4E005AC4DE /* FeedLoader.swift in Sources */ = {isa = PBXBuildFile; fileRef = DF967F82274A8B4E005AC4DE /* FeedLoader.swift */; };
		DF967F85274A8B4E005AC4DE /* FeedItem.swift in Sources */ = {isa = PBXBuildFile; fileRef = DF967F83274A8B4E005AC4DE /* FeedItem.swift */; };
		DF967F8E274A8B5E005AC4DE /* URLSessionHTTPClient.swift in Sources */ = {isa = PBXBuildFile; fileRef = DF967F8A274A8B5D005AC4DE /* URLSessionHTTPClient.swift */; };
		DF967F8F274A8B5E005AC4DE /* RemoteFeedLoader.swift in Sources */ = {isa = PBXBuildFile; fileRef = DF967F8B274A8B5D005AC4DE /* RemoteFeedLoader.swift */; };
		DF967F90274A8B5E005AC4DE /* HttpClient.swift in Sources */ = {isa = PBXBuildFile; fileRef = DF967F8C274A8B5E005AC4DE /* HttpClient.swift */; };
		DF967F91274A8B5E005AC4DE /* FeedItemsMapper.swift in Sources */ = {isa = PBXBuildFile; fileRef = DF967F8D274A8B5E005AC4DE /* FeedItemsMapper.swift */; };
		DF967F99274A8B99005AC4DE /* XCTestCase+MemoryLeakTracking.swift in Sources */ = {isa = PBXBuildFile; fileRef = DF967F98274A8B99005AC4DE /* XCTestCase+MemoryLeakTracking.swift */; };
		DF967F9E274A8BAB005AC4DE /* LoadFeedFromRemoteUseCaseTests.swift in Sources */ = {isa = PBXBuildFile; fileRef = DF967F9C274A8BAB005AC4DE /* LoadFeedFromRemoteUseCaseTests.swift */; };
		DF967F9F274A8BAB005AC4DE /* URLSessionHTTPClientTests.swift in Sources */ = {isa = PBXBuildFile; fileRef = DF967F9D274A8BAB005AC4DE /* URLSessionHTTPClientTests.swift */; };
		DF967FAD274A8BDD005AC4DE /* EssentialFeed.framework in Frameworks */ = {isa = PBXBuildFile; fileRef = DF967F5D274A8B0A005AC4DE /* EssentialFeed.framework */; };
		DF967FBA274A8BEF005AC4DE /* EssentialFeedAPIEndToEndTests.swift in Sources */ = {isa = PBXBuildFile; fileRef = DF967FB9274A8BEF005AC4DE /* EssentialFeedAPIEndToEndTests.swift */; };
		DF967FBE274A8BF7005AC4DE /* XCTestCase+MemoryLeakTracking.swift in Sources */ = {isa = PBXBuildFile; fileRef = DF967F98274A8B99005AC4DE /* XCTestCase+MemoryLeakTracking.swift */; };
/* End PBXBuildFile section */

/* Begin PBXContainerItemProxy section */
		9768FAB1278F370B00D487D3 /* PBXContainerItemProxy */ = {
			isa = PBXContainerItemProxy;
			containerPortal = DF967F54274A8B0A005AC4DE /* Project object */;
			proxyType = 1;
			remoteGlobalIDString = DF967F5C274A8B0A005AC4DE;
			remoteInfo = EssentialFeed;
		};
		97C7B3962910A05E00C9A75B /* PBXContainerItemProxy */ = {
			isa = PBXContainerItemProxy;
			containerPortal = DF967F54274A8B0A005AC4DE /* Project object */;
			proxyType = 1;
			remoteGlobalIDString = 97C7B38C2910A05D00C9A75B;
			remoteInfo = EssentialFeediOS;
		};
		DF967F68274A8B0A005AC4DE /* PBXContainerItemProxy */ = {
			isa = PBXContainerItemProxy;
			containerPortal = DF967F54274A8B0A005AC4DE /* Project object */;
			proxyType = 1;
			remoteGlobalIDString = DF967F5C274A8B0A005AC4DE;
			remoteInfo = EssentialFeed;
		};
		DF967FAE274A8BDD005AC4DE /* PBXContainerItemProxy */ = {
			isa = PBXContainerItemProxy;
			containerPortal = DF967F54274A8B0A005AC4DE /* Project object */;
			proxyType = 1;
			remoteGlobalIDString = DF967F5C274A8B0A005AC4DE;
			remoteInfo = EssentialFeed;
		};
/* End PBXContainerItemProxy section */

/* Begin PBXFileReference section */
		97319EAC27635BFC0084371A /* LoadFeedFromCacheUseCaseTests.swift */ = {isa = PBXFileReference; lastKnownFileType = sourcecode.swift; path = LoadFeedFromCacheUseCaseTests.swift; sourceTree = "<group>"; };
		97319EAF27635C160084371A /* FeedStoreSpy.swift */ = {isa = PBXFileReference; lastKnownFileType = sourcecode.swift; path = FeedStoreSpy.swift; sourceTree = "<group>"; };
		9736696D278C4A45002FEB53 /* FeedStoreSpecs.swift */ = {isa = PBXFileReference; lastKnownFileType = sourcecode.swift; path = FeedStoreSpecs.swift; sourceTree = "<group>"; };
		9736696F278C4A93002FEB53 /* XCTestCase+FailableDeleteFeedStoreSpecs.swift */ = {isa = PBXFileReference; lastKnownFileType = sourcecode.swift; path = "XCTestCase+FailableDeleteFeedStoreSpecs.swift"; sourceTree = "<group>"; };
		97366971278C4ACD002FEB53 /* XCTestCase+FailableInsertFeedStoreSpecs.swift */ = {isa = PBXFileReference; lastKnownFileType = sourcecode.swift; path = "XCTestCase+FailableInsertFeedStoreSpecs.swift"; sourceTree = "<group>"; };
		97366973278C4B1A002FEB53 /* XCTestCase+FailableRetrieveFeedStoreSpecs.swift */ = {isa = PBXFileReference; lastKnownFileType = sourcecode.swift; path = "XCTestCase+FailableRetrieveFeedStoreSpecs.swift"; sourceTree = "<group>"; };
		97366975278C4B54002FEB53 /* XCTestCase+FeedStoreSpecs.swift */ = {isa = PBXFileReference; lastKnownFileType = sourcecode.swift; path = "XCTestCase+FeedStoreSpecs.swift"; sourceTree = "<group>"; };
		974018D0275F773F00F01F4C /* RemoteFeedItem.swift */ = {isa = PBXFileReference; lastKnownFileType = sourcecode.swift; path = RemoteFeedItem.swift; sourceTree = "<group>"; };
		974018D2275F7AEF00F01F4C /* LocalFeedImage.swift */ = {isa = PBXFileReference; lastKnownFileType = sourcecode.swift; path = LocalFeedImage.swift; sourceTree = "<group>"; };
		9768FA9C278F25C700D487D3 /* FeedStore.xcdatamodel */ = {isa = PBXFileReference; lastKnownFileType = wrapper.xcdatamodel; path = FeedStore.xcdatamodel; sourceTree = "<group>"; };
		9768FA9E278F27B700D487D3 /* CoreDataFeedStore.swift */ = {isa = PBXFileReference; lastKnownFileType = sourcecode.swift; path = CoreDataFeedStore.swift; sourceTree = "<group>"; };
		9768FAA0278F281300D487D3 /* CoreDataHelpers.swift */ = {isa = PBXFileReference; lastKnownFileType = sourcecode.swift; path = CoreDataHelpers.swift; sourceTree = "<group>"; };
		9768FAA2278F284700D487D3 /* ManagedCache.swift */ = {isa = PBXFileReference; lastKnownFileType = sourcecode.swift; path = ManagedCache.swift; sourceTree = "<group>"; };
		9768FAA4278F285F00D487D3 /* ManagedFeedImage.swift */ = {isa = PBXFileReference; lastKnownFileType = sourcecode.swift; path = ManagedFeedImage.swift; sourceTree = "<group>"; };
		9768FAA6278F29A000D487D3 /* CoreDataFeedStoreTests.swift */ = {isa = PBXFileReference; lastKnownFileType = sourcecode.swift; path = CoreDataFeedStoreTests.swift; sourceTree = "<group>"; };
		9768FAAC278F370B00D487D3 /* EssentialFeedCacheIntegrationTests.xctest */ = {isa = PBXFileReference; explicitFileType = wrapper.cfbundle; includeInIndex = 0; path = EssentialFeedCacheIntegrationTests.xctest; sourceTree = BUILT_PRODUCTS_DIR; };
		9768FAAE278F370B00D487D3 /* EssentialFeedCacheIntegrationTests.swift */ = {isa = PBXFileReference; lastKnownFileType = sourcecode.swift; path = EssentialFeedCacheIntegrationTests.swift; sourceTree = "<group>"; };
		976AA815278462B400E36972 /* CodableFeedStoreTests.swift */ = {isa = PBXFileReference; lastKnownFileType = sourcecode.swift; path = CodableFeedStoreTests.swift; sourceTree = "<group>"; };
		976AA81727846E3000E36972 /* CodableFeedStore.swift */ = {isa = PBXFileReference; lastKnownFileType = sourcecode.swift; path = CodableFeedStore.swift; sourceTree = "<group>"; };
		97C7B38D2910A05D00C9A75B /* EssentialFeediOS.framework */ = {isa = PBXFileReference; explicitFileType = wrapper.framework; includeInIndex = 0; path = EssentialFeediOS.framework; sourceTree = BUILT_PRODUCTS_DIR; };
		97C7B3942910A05E00C9A75B /* EssentialFeediOSTests.xctest */ = {isa = PBXFileReference; explicitFileType = wrapper.cfbundle; includeInIndex = 0; path = EssentialFeediOSTests.xctest; sourceTree = BUILT_PRODUCTS_DIR; };
		97C7B3A22910A2DE00C9A75B /* FeedViewController.swift */ = {isa = PBXFileReference; lastKnownFileType = sourcecode.swift; path = FeedViewController.swift; sourceTree = "<group>"; };
		97C7B3A42910A31500C9A75B /* FeedViewControllerTests.swift */ = {isa = PBXFileReference; lastKnownFileType = sourcecode.swift; path = FeedViewControllerTests.swift; sourceTree = "<group>"; };
		97C7B3A82910A44600C9A75B /* FeedImageCell.swift */ = {isa = PBXFileReference; lastKnownFileType = sourcecode.swift; path = FeedImageCell.swift; sourceTree = "<group>"; };
		97C7B3AA2910A49600C9A75B /* UIView+Shimmering.swift */ = {isa = PBXFileReference; lastKnownFileType = sourcecode.swift; path = "UIView+Shimmering.swift"; sourceTree = "<group>"; };
		97C7B3AD2910A58700C9A75B /* FeedImageDataLoader.swift */ = {isa = PBXFileReference; lastKnownFileType = sourcecode.swift; path = FeedImageDataLoader.swift; sourceTree = "<group>"; };
		97C7B3B32910A5F700C9A75B /* FeedUIComposer.swift */ = {isa = PBXFileReference; lastKnownFileType = sourcecode.swift; path = FeedUIComposer.swift; sourceTree = "<group>"; };
		97C7B3B52910A62300C9A75B /* FeedImageCellController.swift */ = {isa = PBXFileReference; lastKnownFileType = sourcecode.swift; path = FeedImageCellController.swift; sourceTree = "<group>"; };
		97C7B3B72910A64400C9A75B /* FeedRefrestViewController.swift */ = {isa = PBXFileReference; lastKnownFileType = sourcecode.swift; path = FeedRefrestViewController.swift; sourceTree = "<group>"; };
		97C7B3BB2910A6DF00C9A75B /* FeedImageCell+TestHelpers.swift */ = {isa = PBXFileReference; lastKnownFileType = sourcecode.swift; path = "FeedImageCell+TestHelpers.swift"; sourceTree = "<group>"; };
		97C7B3BD2910A71700C9A75B /* FeedViewController+TestHelpers.swift */ = {isa = PBXFileReference; lastKnownFileType = sourcecode.swift; path = "FeedViewController+TestHelpers.swift"; sourceTree = "<group>"; };
		97C7B3C02910A76900C9A75B /* FeedViewController+Assertions.swift */ = {isa = PBXFileReference; lastKnownFileType = sourcecode.swift; path = "FeedViewController+Assertions.swift"; sourceTree = "<group>"; };
		97C7B3C22910A7A100C9A75B /* FeedViewControllerTests+LoaderSpy.swift */ = {isa = PBXFileReference; lastKnownFileType = sourcecode.swift; path = "FeedViewControllerTests+LoaderSpy.swift"; sourceTree = "<group>"; };
		97C7B3C52910A7DB00C9A75B /* UIButton+TestHelpers.swift */ = {isa = PBXFileReference; lastKnownFileType = sourcecode.swift; path = "UIButton+TestHelpers.swift"; sourceTree = "<group>"; };
		97C7B3C72910A80300C9A75B /* UIControl+TestHelpers.swift */ = {isa = PBXFileReference; lastKnownFileType = sourcecode.swift; path = "UIControl+TestHelpers.swift"; sourceTree = "<group>"; };
		97C7B3CA2910A85100C9A75B /* UIImage+TestHelpers.swift */ = {isa = PBXFileReference; lastKnownFileType = sourcecode.swift; path = "UIImage+TestHelpers.swift"; sourceTree = "<group>"; };
		97C7B3CC2910A87100C9A75B /* UIRefreshControl+TestHelpers.swift */ = {isa = PBXFileReference; lastKnownFileType = sourcecode.swift; path = "UIRefreshControl+TestHelpers.swift"; sourceTree = "<group>"; };
		97E6532B276A2D7700F0E6EF /* FeedCacheTestHelpers.swift */ = {isa = PBXFileReference; lastKnownFileType = sourcecode.swift; path = FeedCacheTestHelpers.swift; sourceTree = "<group>"; };
		97E6532D276A2DB300F0E6EF /* SharedTestHelpers.swift */ = {isa = PBXFileReference; lastKnownFileType = sourcecode.swift; path = SharedTestHelpers.swift; sourceTree = "<group>"; };
		97E6532F276A305600F0E6EF /* ValidadeFeedCacheUseCaseTests.swift */ = {isa = PBXFileReference; lastKnownFileType = sourcecode.swift; path = ValidadeFeedCacheUseCaseTests.swift; sourceTree = "<group>"; };
		97E67AFA276CABC300630646 /* FeedCachePolicy.swift */ = {isa = PBXFileReference; lastKnownFileType = sourcecode.swift; path = FeedCachePolicy.swift; sourceTree = "<group>"; };
		97EAD20C275A43EA003FC155 /* FeedStore.swift */ = {isa = PBXFileReference; lastKnownFileType = sourcecode.swift; path = FeedStore.swift; sourceTree = "<group>"; };
		97EAD20E275A440B003FC155 /* LocalFeedLoader.swift */ = {isa = PBXFileReference; lastKnownFileType = sourcecode.swift; path = LocalFeedLoader.swift; sourceTree = "<group>"; };
		97ED4EAF2754FA72002106A2 /* CacheFeedUseCaseTests.swift */ = {isa = PBXFileReference; lastKnownFileType = sourcecode.swift; path = CacheFeedUseCaseTests.swift; sourceTree = "<group>"; };
		DF967F5D274A8B0A005AC4DE /* EssentialFeed.framework */ = {isa = PBXFileReference; explicitFileType = wrapper.framework; includeInIndex = 0; path = EssentialFeed.framework; sourceTree = BUILT_PRODUCTS_DIR; };
		DF967F61274A8B0A005AC4DE /* Info.plist */ = {isa = PBXFileReference; lastKnownFileType = text.plist.xml; path = Info.plist; sourceTree = "<group>"; };
		DF967F66274A8B0A005AC4DE /* EssentialFeedTests.xctest */ = {isa = PBXFileReference; explicitFileType = wrapper.cfbundle; includeInIndex = 0; path = EssentialFeedTests.xctest; sourceTree = BUILT_PRODUCTS_DIR; };
		DF967F6D274A8B0A005AC4DE /* Info.plist */ = {isa = PBXFileReference; lastKnownFileType = text.plist.xml; path = Info.plist; sourceTree = "<group>"; };
		DF967F82274A8B4E005AC4DE /* FeedLoader.swift */ = {isa = PBXFileReference; fileEncoding = 4; lastKnownFileType = sourcecode.swift; path = FeedLoader.swift; sourceTree = "<group>"; };
		DF967F83274A8B4E005AC4DE /* FeedItem.swift */ = {isa = PBXFileReference; fileEncoding = 4; lastKnownFileType = sourcecode.swift; path = FeedItem.swift; sourceTree = "<group>"; };
		DF967F8A274A8B5D005AC4DE /* URLSessionHTTPClient.swift */ = {isa = PBXFileReference; fileEncoding = 4; lastKnownFileType = sourcecode.swift; path = URLSessionHTTPClient.swift; sourceTree = "<group>"; };
		DF967F8B274A8B5D005AC4DE /* RemoteFeedLoader.swift */ = {isa = PBXFileReference; fileEncoding = 4; lastKnownFileType = sourcecode.swift; path = RemoteFeedLoader.swift; sourceTree = "<group>"; };
		DF967F8C274A8B5E005AC4DE /* HttpClient.swift */ = {isa = PBXFileReference; fileEncoding = 4; lastKnownFileType = sourcecode.swift; path = HttpClient.swift; sourceTree = "<group>"; };
		DF967F8D274A8B5E005AC4DE /* FeedItemsMapper.swift */ = {isa = PBXFileReference; fileEncoding = 4; lastKnownFileType = sourcecode.swift; path = FeedItemsMapper.swift; sourceTree = "<group>"; };
		DF967F98274A8B99005AC4DE /* XCTestCase+MemoryLeakTracking.swift */ = {isa = PBXFileReference; fileEncoding = 4; lastKnownFileType = sourcecode.swift; path = "XCTestCase+MemoryLeakTracking.swift"; sourceTree = "<group>"; };
		DF967F9C274A8BAB005AC4DE /* LoadFeedFromRemoteUseCaseTests.swift */ = {isa = PBXFileReference; fileEncoding = 4; lastKnownFileType = sourcecode.swift; path = LoadFeedFromRemoteUseCaseTests.swift; sourceTree = "<group>"; };
		DF967F9D274A8BAB005AC4DE /* URLSessionHTTPClientTests.swift */ = {isa = PBXFileReference; fileEncoding = 4; lastKnownFileType = sourcecode.swift; path = URLSessionHTTPClientTests.swift; sourceTree = "<group>"; };
		DF967FA8274A8BDD005AC4DE /* EssentialFeedAPIEndToEndTests.xctest */ = {isa = PBXFileReference; explicitFileType = wrapper.cfbundle; includeInIndex = 0; path = EssentialFeedAPIEndToEndTests.xctest; sourceTree = BUILT_PRODUCTS_DIR; };
		DF967FAC274A8BDD005AC4DE /* Info.plist */ = {isa = PBXFileReference; lastKnownFileType = text.plist.xml; path = Info.plist; sourceTree = "<group>"; };
		DF967FB9274A8BEF005AC4DE /* EssentialFeedAPIEndToEndTests.swift */ = {isa = PBXFileReference; fileEncoding = 4; lastKnownFileType = sourcecode.swift; path = EssentialFeedAPIEndToEndTests.swift; sourceTree = "<group>"; };
/* End PBXFileReference section */

/* Begin PBXFrameworksBuildPhase section */
		9768FAA9278F370B00D487D3 /* Frameworks */ = {
			isa = PBXFrameworksBuildPhase;
			buildActionMask = 2147483647;
			files = (
				9768FAB0278F370B00D487D3 /* EssentialFeed.framework in Frameworks */,
			);
			runOnlyForDeploymentPostprocessing = 0;
		};
		97C7B38A2910A05D00C9A75B /* Frameworks */ = {
			isa = PBXFrameworksBuildPhase;
			buildActionMask = 2147483647;
			files = (
			);
			runOnlyForDeploymentPostprocessing = 0;
		};
		97C7B3912910A05E00C9A75B /* Frameworks */ = {
			isa = PBXFrameworksBuildPhase;
			buildActionMask = 2147483647;
			files = (
				97C7B3952910A05E00C9A75B /* EssentialFeediOS.framework in Frameworks */,
			);
			runOnlyForDeploymentPostprocessing = 0;
		};
		DF967F5A274A8B0A005AC4DE /* Frameworks */ = {
			isa = PBXFrameworksBuildPhase;
			buildActionMask = 2147483647;
			files = (
			);
			runOnlyForDeploymentPostprocessing = 0;
		};
		DF967F63274A8B0A005AC4DE /* Frameworks */ = {
			isa = PBXFrameworksBuildPhase;
			buildActionMask = 2147483647;
			files = (
				DF967F67274A8B0A005AC4DE /* EssentialFeed.framework in Frameworks */,
			);
			runOnlyForDeploymentPostprocessing = 0;
		};
		DF967FA5274A8BDD005AC4DE /* Frameworks */ = {
			isa = PBXFrameworksBuildPhase;
			buildActionMask = 2147483647;
			files = (
				DF967FAD274A8BDD005AC4DE /* EssentialFeed.framework in Frameworks */,
			);
			runOnlyForDeploymentPostprocessing = 0;
		};
/* End PBXFrameworksBuildPhase section */

/* Begin PBXGroup section */
		97319EAE27635C060084371A /* Helpers */ = {
			isa = PBXGroup;
			children = (
				97E6532B276A2D7700F0E6EF /* FeedCacheTestHelpers.swift */,
				97319EAF27635C160084371A /* FeedStoreSpy.swift */,
			);
			path = Helpers;
			sourceTree = "<group>";
		};
		9736696C278C4A1F002FEB53 /* FeedStoreSpecs */ = {
			isa = PBXGroup;
			children = (
				9736696D278C4A45002FEB53 /* FeedStoreSpecs.swift */,
				9736696F278C4A93002FEB53 /* XCTestCase+FailableDeleteFeedStoreSpecs.swift */,
				97366971278C4ACD002FEB53 /* XCTestCase+FailableInsertFeedStoreSpecs.swift */,
				97366973278C4B1A002FEB53 /* XCTestCase+FailableRetrieveFeedStoreSpecs.swift */,
				97366975278C4B54002FEB53 /* XCTestCase+FeedStoreSpecs.swift */,
			);
			path = FeedStoreSpecs;
			sourceTree = "<group>";
		};
		9768FA98278F257500D487D3 /* Infrastructure */ = {
			isa = PBXGroup;
			children = (
				9768FA9A278F259300D487D3 /* CoreData */,
				9768FA99278F258C00D487D3 /* Codable */,
			);
			path = Infrastructure;
			sourceTree = "<group>";
		};
		9768FA99278F258C00D487D3 /* Codable */ = {
			isa = PBXGroup;
			children = (
				976AA81727846E3000E36972 /* CodableFeedStore.swift */,
			);
			path = Codable;
			sourceTree = "<group>";
		};
		9768FA9A278F259300D487D3 /* CoreData */ = {
			isa = PBXGroup;
			children = (
				9768FA9E278F27B700D487D3 /* CoreDataFeedStore.swift */,
				9768FAA0278F281300D487D3 /* CoreDataHelpers.swift */,
				9768FAA2278F284700D487D3 /* ManagedCache.swift */,
				9768FAA4278F285F00D487D3 /* ManagedFeedImage.swift */,
				9768FA9B278F25C700D487D3 /* FeedStore.xcdatamodeld */,
			);
			path = CoreData;
			sourceTree = "<group>";
		};
		9768FAAD278F370B00D487D3 /* EssentialFeedCacheIntegrationTests */ = {
			isa = PBXGroup;
			children = (
				9768FAAE278F370B00D487D3 /* EssentialFeedCacheIntegrationTests.swift */,
			);
			path = EssentialFeedCacheIntegrationTests;
			sourceTree = "<group>";
		};
		97C7B38E2910A05D00C9A75B /* EssentialFeediOS */ = {
			isa = PBXGroup;
			children = (
				97C7B3AF2910A5A200C9A75B /* Feed UI */,
				97C7B3AC2910A55400C9A75B /* Feed Image Loader */,
			);
			path = EssentialFeediOS;
			sourceTree = "<group>";
		};
		97C7B3982910A05E00C9A75B /* EssentialFeediOSTests */ = {
			isa = PBXGroup;
			children = (
				97C7B3C42910A7C500C9A75B /* Helpers */,
				97C7B3B92910A6A800C9A75B /* Feed UI */,
			);
			path = EssentialFeediOSTests;
			sourceTree = "<group>";
		};
		97C7B3AC2910A55400C9A75B /* Feed Image Loader */ = {
			isa = PBXGroup;
			children = (
				97C7B3AD2910A58700C9A75B /* FeedImageDataLoader.swift */,
			);
			path = "Feed Image Loader";
			sourceTree = "<group>";
		};
		97C7B3AF2910A5A200C9A75B /* Feed UI */ = {
			isa = PBXGroup;
			children = (
				97C7B3B02910A5AB00C9A75B /* Composers */,
				97C7B3B12910A5BD00C9A75B /* Controllers */,
				97C7B3B22910A5C900C9A75B /* Views */,
			);
			path = "Feed UI";
			sourceTree = "<group>";
		};
		97C7B3B02910A5AB00C9A75B /* Composers */ = {
			isa = PBXGroup;
			children = (
				97C7B3B32910A5F700C9A75B /* FeedUIComposer.swift */,
			);
			path = Composers;
			sourceTree = "<group>";
		};
		97C7B3B12910A5BD00C9A75B /* Controllers */ = {
			isa = PBXGroup;
			children = (
				97C7B3B52910A62300C9A75B /* FeedImageCellController.swift */,
				97C7B3B72910A64400C9A75B /* FeedRefrestViewController.swift */,
				97C7B3A22910A2DE00C9A75B /* FeedViewController.swift */,
			);
			path = Controllers;
			sourceTree = "<group>";
		};
		97C7B3B22910A5C900C9A75B /* Views */ = {
			isa = PBXGroup;
			children = (
				97C7B3A82910A44600C9A75B /* FeedImageCell.swift */,
				97C7B3AA2910A49600C9A75B /* UIView+Shimmering.swift */,
			);
			path = Views;
			sourceTree = "<group>";
		};
		97C7B3B92910A6A800C9A75B /* Feed UI */ = {
			isa = PBXGroup;
			children = (
				97C7B3C92910A82800C9A75B /* Controllers */,
				97C7B3BA2910A6B900C9A75B /* Helpers */,
			);
			path = "Feed UI";
			sourceTree = "<group>";
		};
		97C7B3BA2910A6B900C9A75B /* Helpers */ = {
			isa = PBXGroup;
			children = (
				97C7B3BB2910A6DF00C9A75B /* FeedImageCell+TestHelpers.swift */,
				97C7B3BD2910A71700C9A75B /* FeedViewController+TestHelpers.swift */,
				97C7B3C02910A76900C9A75B /* FeedViewController+Assertions.swift */,
				97C7B3C22910A7A100C9A75B /* FeedViewControllerTests+LoaderSpy.swift */,
			);
			path = Helpers;
			sourceTree = "<group>";
		};
		97C7B3C42910A7C500C9A75B /* Helpers */ = {
			isa = PBXGroup;
			children = (
				97C7B3C52910A7DB00C9A75B /* UIButton+TestHelpers.swift */,
				97C7B3C72910A80300C9A75B /* UIControl+TestHelpers.swift */,
				97C7B3CA2910A85100C9A75B /* UIImage+TestHelpers.swift */,
				97C7B3CC2910A87100C9A75B /* UIRefreshControl+TestHelpers.swift */,
			);
			path = Helpers;
			sourceTree = "<group>";
		};
		97C7B3C92910A82800C9A75B /* Controllers */ = {
			isa = PBXGroup;
			children = (
				97C7B3A42910A31500C9A75B /* FeedViewControllerTests.swift */,
			);
			path = Controllers;
			sourceTree = "<group>";
		};
		97EAD211275A4443003FC155 /* FeedCache */ = {
			isa = PBXGroup;
			children = (
				9768FA98278F257500D487D3 /* Infrastructure */,
				97E67AFA276CABC300630646 /* FeedCachePolicy.swift */,
				97EAD20C275A43EA003FC155 /* FeedStore.swift */,
				974018D2275F7AEF00F01F4C /* LocalFeedImage.swift */,
				97EAD20E275A440B003FC155 /* LocalFeedLoader.swift */,
			);
			path = FeedCache;
			sourceTree = "<group>";
		};
		97ED4EAE2754FA58002106A2 /* FeedCache */ = {
			isa = PBXGroup;
			children = (
				9736696C278C4A1F002FEB53 /* FeedStoreSpecs */,
				97319EAE27635C060084371A /* Helpers */,
				97ED4EAF2754FA72002106A2 /* CacheFeedUseCaseTests.swift */,
				976AA815278462B400E36972 /* CodableFeedStoreTests.swift */,
				9768FAA6278F29A000D487D3 /* CoreDataFeedStoreTests.swift */,
				97319EAC27635BFC0084371A /* LoadFeedFromCacheUseCaseTests.swift */,
				97E6532F276A305600F0E6EF /* ValidadeFeedCacheUseCaseTests.swift */,
			);
			path = FeedCache;
			sourceTree = "<group>";
		};
		DF967F53274A8B0A005AC4DE = {
			isa = PBXGroup;
			children = (
				DF967F5F274A8B0A005AC4DE /* EssentialFeed */,
				DF967F6A274A8B0A005AC4DE /* EssentialFeedTests */,
				DF967FA9274A8BDD005AC4DE /* EssentialFeedAPIEndToEndTests */,
				9768FAAD278F370B00D487D3 /* EssentialFeedCacheIntegrationTests */,
				97C7B38E2910A05D00C9A75B /* EssentialFeediOS */,
				97C7B3982910A05E00C9A75B /* EssentialFeediOSTests */,
				DF967F5E274A8B0A005AC4DE /* Products */,
			);
			sourceTree = "<group>";
		};
		DF967F5E274A8B0A005AC4DE /* Products */ = {
			isa = PBXGroup;
			children = (
				DF967F5D274A8B0A005AC4DE /* EssentialFeed.framework */,
				DF967F66274A8B0A005AC4DE /* EssentialFeedTests.xctest */,
				DF967FA8274A8BDD005AC4DE /* EssentialFeedAPIEndToEndTests.xctest */,
				9768FAAC278F370B00D487D3 /* EssentialFeedCacheIntegrationTests.xctest */,
				97C7B38D2910A05D00C9A75B /* EssentialFeediOS.framework */,
				97C7B3942910A05E00C9A75B /* EssentialFeediOSTests.xctest */,
			);
			name = Products;
			sourceTree = "<group>";
		};
		DF967F5F274A8B0A005AC4DE /* EssentialFeed */ = {
			isa = PBXGroup;
			children = (
				97EAD211275A4443003FC155 /* FeedCache */,
				DF967F80274A8B2D005AC4DE /* Feed Feature */,
				DF967F81274A8B36005AC4DE /* Feed API */,
				DF967F61274A8B0A005AC4DE /* Info.plist */,
			);
			path = EssentialFeed;
			sourceTree = "<group>";
		};
		DF967F6A274A8B0A005AC4DE /* EssentialFeedTests */ = {
			isa = PBXGroup;
			children = (
				DF967F95274A8B87005AC4DE /* Helpers */,
				DF967F94274A8B7C005AC4DE /* Feed API */,
				97ED4EAE2754FA58002106A2 /* FeedCache */,
				DF967F6D274A8B0A005AC4DE /* Info.plist */,
			);
			path = EssentialFeedTests;
			sourceTree = "<group>";
		};
		DF967F80274A8B2D005AC4DE /* Feed Feature */ = {
			isa = PBXGroup;
			children = (
				DF967F83274A8B4E005AC4DE /* FeedItem.swift */,
				DF967F82274A8B4E005AC4DE /* FeedLoader.swift */,
			);
			path = "Feed Feature";
			sourceTree = "<group>";
		};
		DF967F81274A8B36005AC4DE /* Feed API */ = {
			isa = PBXGroup;
			children = (
				DF967F8D274A8B5E005AC4DE /* FeedItemsMapper.swift */,
				DF967F8C274A8B5E005AC4DE /* HttpClient.swift */,
				974018D0275F773F00F01F4C /* RemoteFeedItem.swift */,
				DF967F8B274A8B5D005AC4DE /* RemoteFeedLoader.swift */,
				DF967F8A274A8B5D005AC4DE /* URLSessionHTTPClient.swift */,
			);
			path = "Feed API";
			sourceTree = "<group>";
		};
		DF967F94274A8B7C005AC4DE /* Feed API */ = {
			isa = PBXGroup;
			children = (
				DF967F9C274A8BAB005AC4DE /* LoadFeedFromRemoteUseCaseTests.swift */,
				DF967F9D274A8BAB005AC4DE /* URLSessionHTTPClientTests.swift */,
			);
			path = "Feed API";
			sourceTree = "<group>";
		};
		DF967F95274A8B87005AC4DE /* Helpers */ = {
			isa = PBXGroup;
			children = (
				DF967F98274A8B99005AC4DE /* XCTestCase+MemoryLeakTracking.swift */,
				97E6532D276A2DB300F0E6EF /* SharedTestHelpers.swift */,
			);
			path = Helpers;
			sourceTree = "<group>";
		};
		DF967FA9274A8BDD005AC4DE /* EssentialFeedAPIEndToEndTests */ = {
			isa = PBXGroup;
			children = (
				DF967FB9274A8BEF005AC4DE /* EssentialFeedAPIEndToEndTests.swift */,
				DF967FAC274A8BDD005AC4DE /* Info.plist */,
			);
			path = EssentialFeedAPIEndToEndTests;
			sourceTree = "<group>";
		};
/* End PBXGroup section */

/* Begin PBXHeadersBuildPhase section */
		97C7B3882910A05D00C9A75B /* Headers */ = {
			isa = PBXHeadersBuildPhase;
			buildActionMask = 2147483647;
			files = (
			);
			runOnlyForDeploymentPostprocessing = 0;
		};
		DF967F58274A8B0A005AC4DE /* Headers */ = {
			isa = PBXHeadersBuildPhase;
			buildActionMask = 2147483647;
			files = (
			);
			runOnlyForDeploymentPostprocessing = 0;
		};
/* End PBXHeadersBuildPhase section */

/* Begin PBXNativeTarget section */
		9768FAAB278F370B00D487D3 /* EssentialFeedCacheIntegrationTests */ = {
			isa = PBXNativeTarget;
			buildConfigurationList = 9768FAB3278F370B00D487D3 /* Build configuration list for PBXNativeTarget "EssentialFeedCacheIntegrationTests" */;
			buildPhases = (
				9768FAA8278F370B00D487D3 /* Sources */,
				9768FAA9278F370B00D487D3 /* Frameworks */,
				9768FAAA278F370B00D487D3 /* Resources */,
			);
			buildRules = (
			);
			dependencies = (
				9768FAB2278F370B00D487D3 /* PBXTargetDependency */,
			);
			name = EssentialFeedCacheIntegrationTests;
			productName = EssentialFeedCacheIntegrationTests;
			productReference = 9768FAAC278F370B00D487D3 /* EssentialFeedCacheIntegrationTests.xctest */;
			productType = "com.apple.product-type.bundle.unit-test";
		};
		97C7B38C2910A05D00C9A75B /* EssentialFeediOS */ = {
			isa = PBXNativeTarget;
			buildConfigurationList = 97C7B39C2910A05E00C9A75B /* Build configuration list for PBXNativeTarget "EssentialFeediOS" */;
			buildPhases = (
				97C7B3882910A05D00C9A75B /* Headers */,
				97C7B3892910A05D00C9A75B /* Sources */,
				97C7B38A2910A05D00C9A75B /* Frameworks */,
				97C7B38B2910A05D00C9A75B /* Resources */,
			);
			buildRules = (
			);
			dependencies = (
			);
			name = EssentialFeediOS;
			productName = EssentialFeediOS;
			productReference = 97C7B38D2910A05D00C9A75B /* EssentialFeediOS.framework */;
			productType = "com.apple.product-type.framework";
		};
		97C7B3932910A05E00C9A75B /* EssentialFeediOSTests */ = {
			isa = PBXNativeTarget;
			buildConfigurationList = 97C7B39F2910A05E00C9A75B /* Build configuration list for PBXNativeTarget "EssentialFeediOSTests" */;
			buildPhases = (
				97C7B3902910A05E00C9A75B /* Sources */,
				97C7B3912910A05E00C9A75B /* Frameworks */,
				97C7B3922910A05E00C9A75B /* Resources */,
			);
			buildRules = (
			);
			dependencies = (
				97C7B3972910A05E00C9A75B /* PBXTargetDependency */,
			);
			name = EssentialFeediOSTests;
			productName = EssentialFeediOSTests;
			productReference = 97C7B3942910A05E00C9A75B /* EssentialFeediOSTests.xctest */;
			productType = "com.apple.product-type.bundle.unit-test";
		};
		DF967F5C274A8B0A005AC4DE /* EssentialFeed */ = {
			isa = PBXNativeTarget;
			buildConfigurationList = DF967F71274A8B0A005AC4DE /* Build configuration list for PBXNativeTarget "EssentialFeed" */;
			buildPhases = (
				DF967F58274A8B0A005AC4DE /* Headers */,
				DF967F59274A8B0A005AC4DE /* Sources */,
				DF967F5A274A8B0A005AC4DE /* Frameworks */,
				DF967F5B274A8B0A005AC4DE /* Resources */,
			);
			buildRules = (
			);
			dependencies = (
			);
			name = EssentialFeed;
			productName = EssentialFeed;
			productReference = DF967F5D274A8B0A005AC4DE /* EssentialFeed.framework */;
			productType = "com.apple.product-type.framework";
		};
		DF967F65274A8B0A005AC4DE /* EssentialFeedTests */ = {
			isa = PBXNativeTarget;
			buildConfigurationList = DF967F74274A8B0A005AC4DE /* Build configuration list for PBXNativeTarget "EssentialFeedTests" */;
			buildPhases = (
				DF967F62274A8B0A005AC4DE /* Sources */,
				DF967F63274A8B0A005AC4DE /* Frameworks */,
				DF967F64274A8B0A005AC4DE /* Resources */,
			);
			buildRules = (
			);
			dependencies = (
				DF967F69274A8B0A005AC4DE /* PBXTargetDependency */,
			);
			name = EssentialFeedTests;
			productName = EssentialFeedTests;
			productReference = DF967F66274A8B0A005AC4DE /* EssentialFeedTests.xctest */;
			productType = "com.apple.product-type.bundle.unit-test";
		};
		DF967FA7274A8BDD005AC4DE /* EssentialFeedAPIEndToEndTests */ = {
			isa = PBXNativeTarget;
			buildConfigurationList = DF967FB0274A8BDD005AC4DE /* Build configuration list for PBXNativeTarget "EssentialFeedAPIEndToEndTests" */;
			buildPhases = (
				DF967FA4274A8BDD005AC4DE /* Sources */,
				DF967FA5274A8BDD005AC4DE /* Frameworks */,
				DF967FA6274A8BDD005AC4DE /* Resources */,
			);
			buildRules = (
			);
			dependencies = (
				DF967FAF274A8BDD005AC4DE /* PBXTargetDependency */,
			);
			name = EssentialFeedAPIEndToEndTests;
			productName = EssentialFeedAPIEndToEndTests;
			productReference = DF967FA8274A8BDD005AC4DE /* EssentialFeedAPIEndToEndTests.xctest */;
			productType = "com.apple.product-type.bundle.unit-test";
		};
/* End PBXNativeTarget section */

/* Begin PBXProject section */
		DF967F54274A8B0A005AC4DE /* Project object */ = {
			isa = PBXProject;
			attributes = {
				LastSwiftUpdateCheck = 1400;
				LastUpgradeCheck = 1400;
				TargetAttributes = {
					9768FAAB278F370B00D487D3 = {
						CreatedOnToolsVersion = 13.1;
					};
					97C7B38C2910A05D00C9A75B = {
						CreatedOnToolsVersion = 14.0;
						LastSwiftMigration = 1400;
					};
					97C7B3932910A05E00C9A75B = {
						CreatedOnToolsVersion = 14.0;
						LastSwiftMigration = 1400;
					};
					DF967F5C274A8B0A005AC4DE = {
						CreatedOnToolsVersion = 12.2;
						LastSwiftMigration = 1220;
					};
					DF967F65274A8B0A005AC4DE = {
						CreatedOnToolsVersion = 12.2;
						LastSwiftMigration = 1220;
					};
					DF967FA7274A8BDD005AC4DE = {
						CreatedOnToolsVersion = 12.2;
						LastSwiftMigration = 1220;
					};
				};
			};
			buildConfigurationList = DF967F57274A8B0A005AC4DE /* Build configuration list for PBXProject "EssentialFeed" */;
			compatibilityVersion = "Xcode 9.3";
			developmentRegion = en;
			hasScannedForEncodings = 0;
			knownRegions = (
				en,
				Base,
			);
			mainGroup = DF967F53274A8B0A005AC4DE;
			productRefGroup = DF967F5E274A8B0A005AC4DE /* Products */;
			projectDirPath = "";
			projectRoot = "";
			targets = (
				DF967F5C274A8B0A005AC4DE /* EssentialFeed */,
				DF967F65274A8B0A005AC4DE /* EssentialFeedTests */,
				DF967FA7274A8BDD005AC4DE /* EssentialFeedAPIEndToEndTests */,
				9768FAAB278F370B00D487D3 /* EssentialFeedCacheIntegrationTests */,
				97C7B38C2910A05D00C9A75B /* EssentialFeediOS */,
				97C7B3932910A05E00C9A75B /* EssentialFeediOSTests */,
			);
		};
/* End PBXProject section */

/* Begin PBXResourcesBuildPhase section */
		9768FAAA278F370B00D487D3 /* Resources */ = {
			isa = PBXResourcesBuildPhase;
			buildActionMask = 2147483647;
			files = (
			);
			runOnlyForDeploymentPostprocessing = 0;
		};
		97C7B38B2910A05D00C9A75B /* Resources */ = {
			isa = PBXResourcesBuildPhase;
			buildActionMask = 2147483647;
			files = (
			);
			runOnlyForDeploymentPostprocessing = 0;
		};
		97C7B3922910A05E00C9A75B /* Resources */ = {
			isa = PBXResourcesBuildPhase;
			buildActionMask = 2147483647;
			files = (
			);
			runOnlyForDeploymentPostprocessing = 0;
		};
		DF967F5B274A8B0A005AC4DE /* Resources */ = {
			isa = PBXResourcesBuildPhase;
			buildActionMask = 2147483647;
			files = (
			);
			runOnlyForDeploymentPostprocessing = 0;
		};
		DF967F64274A8B0A005AC4DE /* Resources */ = {
			isa = PBXResourcesBuildPhase;
			buildActionMask = 2147483647;
			files = (
			);
			runOnlyForDeploymentPostprocessing = 0;
		};
		DF967FA6274A8BDD005AC4DE /* Resources */ = {
			isa = PBXResourcesBuildPhase;
			buildActionMask = 2147483647;
			files = (
			);
			runOnlyForDeploymentPostprocessing = 0;
		};
/* End PBXResourcesBuildPhase section */

/* Begin PBXSourcesBuildPhase section */
		9768FAA8278F370B00D487D3 /* Sources */ = {
			isa = PBXSourcesBuildPhase;
			buildActionMask = 2147483647;
			files = (
				9768FAB8278F382300D487D3 /* SharedTestHelpers.swift in Sources */,
				9768FAAF278F370B00D487D3 /* EssentialFeedCacheIntegrationTests.swift in Sources */,
				9768FAB7278F380400D487D3 /* FeedCacheTestHelpers.swift in Sources */,
				9768FAB6278F379300D487D3 /* XCTestCase+MemoryLeakTracking.swift in Sources */,
			);
			runOnlyForDeploymentPostprocessing = 0;
		};
		97C7B3892910A05D00C9A75B /* Sources */ = {
			isa = PBXSourcesBuildPhase;
			buildActionMask = 2147483647;
			files = (
				97C7B3AE2910A58700C9A75B /* FeedImageDataLoader.swift in Sources */,
				97C7B3AB2910A49600C9A75B /* UIView+Shimmering.swift in Sources */,
				97C7B3B82910A64400C9A75B /* FeedRefrestViewController.swift in Sources */,
				97C7B3A32910A2DE00C9A75B /* FeedViewController.swift in Sources */,
				97C7B3A92910A44600C9A75B /* FeedImageCell.swift in Sources */,
				97C7B3B42910A5F700C9A75B /* FeedUIComposer.swift in Sources */,
				97C7B3B62910A62300C9A75B /* FeedImageCellController.swift in Sources */,
			);
			runOnlyForDeploymentPostprocessing = 0;
		};
		97C7B3902910A05E00C9A75B /* Sources */ = {
			isa = PBXSourcesBuildPhase;
			buildActionMask = 2147483647;
			files = (
				97C7B3BE2910A71700C9A75B /* FeedViewController+TestHelpers.swift in Sources */,
				97C7B3CD2910A87100C9A75B /* UIRefreshControl+TestHelpers.swift in Sources */,
				97C7B3A52910A31500C9A75B /* FeedViewControllerTests.swift in Sources */,
				97C7B3CB2910A85100C9A75B /* UIImage+TestHelpers.swift in Sources */,
				97C7B3C12910A76900C9A75B /* FeedViewController+Assertions.swift in Sources */,
				97C7B3C82910A80300C9A75B /* UIControl+TestHelpers.swift in Sources */,
				97C7B3BC2910A6DF00C9A75B /* FeedImageCell+TestHelpers.swift in Sources */,
				97C7B3C62910A7DB00C9A75B /* UIButton+TestHelpers.swift in Sources */,
				97C7B3C32910A7A100C9A75B /* FeedViewControllerTests+LoaderSpy.swift in Sources */,
				97C7B3A72910A35800C9A75B /* XCTestCase+MemoryLeakTracking.swift in Sources */,
			);
			runOnlyForDeploymentPostprocessing = 0;
		};
		DF967F59274A8B0A005AC4DE /* Sources */ = {
			isa = PBXSourcesBuildPhase;
			buildActionMask = 2147483647;
			files = (
				9768FAA1278F281300D487D3 /* CoreDataHelpers.swift in Sources */,
				9768FA9D278F25C700D487D3 /* FeedStore.xcdatamodeld in Sources */,
				DF967F90274A8B5E005AC4DE /* HttpClient.swift in Sources */,
				DF967F8F274A8B5E005AC4DE /* RemoteFeedLoader.swift in Sources */,
				974018D1275F773F00F01F4C /* RemoteFeedItem.swift in Sources */,
				97E67AFB276CABC300630646 /* FeedCachePolicy.swift in Sources */,
				974018D3275F7AEF00F01F4C /* LocalFeedImage.swift in Sources */,
				9768FA9F278F27B700D487D3 /* CoreDataFeedStore.swift in Sources */,
				DF967F85274A8B4E005AC4DE /* FeedItem.swift in Sources */,
				97EAD212275A4452003FC155 /* FeedStore.swift in Sources */,
				97EAD210275A4432003FC155 /* LocalFeedLoader.swift in Sources */,
				976AA81827846E3000E36972 /* CodableFeedStore.swift in Sources */,
				DF967F91274A8B5E005AC4DE /* FeedItemsMapper.swift in Sources */,
				DF967F84274A8B4E005AC4DE /* FeedLoader.swift in Sources */,
				9768FAA3278F284700D487D3 /* ManagedCache.swift in Sources */,
				DF967F8E274A8B5E005AC4DE /* URLSessionHTTPClient.swift in Sources */,
				9768FAA5278F285F00D487D3 /* ManagedFeedImage.swift in Sources */,
			);
			runOnlyForDeploymentPostprocessing = 0;
		};
		DF967F62274A8B0A005AC4DE /* Sources */ = {
			isa = PBXSourcesBuildPhase;
			buildActionMask = 2147483647;
			files = (
				976AA816278462B400E36972 /* CodableFeedStoreTests.swift in Sources */,
				DF967F9E274A8BAB005AC4DE /* LoadFeedFromRemoteUseCaseTests.swift in Sources */,
				DF967F9F274A8BAB005AC4DE /* URLSessionHTTPClientTests.swift in Sources */,
				97366974278C4B1A002FEB53 /* XCTestCase+FailableRetrieveFeedStoreSpecs.swift in Sources */,
				97E6532C276A2D7700F0E6EF /* FeedCacheTestHelpers.swift in Sources */,
				97319EB027635C160084371A /* FeedStoreSpy.swift in Sources */,
				97E6532E276A2DB300F0E6EF /* SharedTestHelpers.swift in Sources */,
				97ED4EB02754FA72002106A2 /* CacheFeedUseCaseTests.swift in Sources */,
				97366976278C4B54002FEB53 /* XCTestCase+FeedStoreSpecs.swift in Sources */,
				97366972278C4ACD002FEB53 /* XCTestCase+FailableInsertFeedStoreSpecs.swift in Sources */,
				97319EAD27635BFC0084371A /* LoadFeedFromCacheUseCaseTests.swift in Sources */,
				DF967F99274A8B99005AC4DE /* XCTestCase+MemoryLeakTracking.swift in Sources */,
				9736696E278C4A45002FEB53 /* FeedStoreSpecs.swift in Sources */,
				97E65330276A305600F0E6EF /* ValidadeFeedCacheUseCaseTests.swift in Sources */,
				9768FAA7278F29A000D487D3 /* CoreDataFeedStoreTests.swift in Sources */,
				97366970278C4A93002FEB53 /* XCTestCase+FailableDeleteFeedStoreSpecs.swift in Sources */,
			);
			runOnlyForDeploymentPostprocessing = 0;
		};
		DF967FA4274A8BDD005AC4DE /* Sources */ = {
			isa = PBXSourcesBuildPhase;
			buildActionMask = 2147483647;
			files = (
				DF967FBA274A8BEF005AC4DE /* EssentialFeedAPIEndToEndTests.swift in Sources */,
				DF967FBE274A8BF7005AC4DE /* XCTestCase+MemoryLeakTracking.swift in Sources */,
			);
			runOnlyForDeploymentPostprocessing = 0;
		};
/* End PBXSourcesBuildPhase section */

/* Begin PBXTargetDependency section */
		9768FAB2278F370B00D487D3 /* PBXTargetDependency */ = {
			isa = PBXTargetDependency;
			target = DF967F5C274A8B0A005AC4DE /* EssentialFeed */;
			targetProxy = 9768FAB1278F370B00D487D3 /* PBXContainerItemProxy */;
		};
		97C7B3972910A05E00C9A75B /* PBXTargetDependency */ = {
			isa = PBXTargetDependency;
			target = 97C7B38C2910A05D00C9A75B /* EssentialFeediOS */;
			targetProxy = 97C7B3962910A05E00C9A75B /* PBXContainerItemProxy */;
		};
		DF967F69274A8B0A005AC4DE /* PBXTargetDependency */ = {
			isa = PBXTargetDependency;
			target = DF967F5C274A8B0A005AC4DE /* EssentialFeed */;
			targetProxy = DF967F68274A8B0A005AC4DE /* PBXContainerItemProxy */;
		};
		DF967FAF274A8BDD005AC4DE /* PBXTargetDependency */ = {
			isa = PBXTargetDependency;
			target = DF967F5C274A8B0A005AC4DE /* EssentialFeed */;
			targetProxy = DF967FAE274A8BDD005AC4DE /* PBXContainerItemProxy */;
		};
/* End PBXTargetDependency section */

/* Begin XCBuildConfiguration section */
		9768FAB4278F370B00D487D3 /* Debug */ = {
			isa = XCBuildConfiguration;
			buildSettings = {
				CLANG_CXX_LANGUAGE_STANDARD = "gnu++17";
				CODE_SIGN_STYLE = Automatic;
				COMBINE_HIDPI_IMAGES = YES;
				CURRENT_PROJECT_VERSION = 1;
				DEAD_CODE_STRIPPING = YES;
				GENERATE_INFOPLIST_FILE = YES;
				LD_RUNPATH_SEARCH_PATHS = (
					"$(inherited)",
					"@executable_path/../Frameworks",
					"@loader_path/../Frameworks",
				);
				MACOSX_DEPLOYMENT_TARGET = 12.0;
				MARKETING_VERSION = 1.0;
				PRODUCT_BUNDLE_IDENTIFIER = anne.EssentialFeed.EssentialFeedCacheIntegrationTests;
				PRODUCT_NAME = "$(TARGET_NAME)";
				SUPPORTED_PLATFORMS = "macosx iphoneos iphonesimulator";
				SWIFT_EMIT_LOC_STRINGS = NO;
				SWIFT_VERSION = 5.0;
			};
			name = Debug;
		};
		9768FAB5278F370B00D487D3 /* Release */ = {
			isa = XCBuildConfiguration;
			buildSettings = {
				CLANG_CXX_LANGUAGE_STANDARD = "gnu++17";
				CODE_SIGN_STYLE = Automatic;
				COMBINE_HIDPI_IMAGES = YES;
				CURRENT_PROJECT_VERSION = 1;
				DEAD_CODE_STRIPPING = YES;
				GENERATE_INFOPLIST_FILE = YES;
				LD_RUNPATH_SEARCH_PATHS = (
					"$(inherited)",
					"@executable_path/../Frameworks",
					"@loader_path/../Frameworks",
				);
				MACOSX_DEPLOYMENT_TARGET = 12.0;
				MARKETING_VERSION = 1.0;
				PRODUCT_BUNDLE_IDENTIFIER = anne.EssentialFeed.EssentialFeedCacheIntegrationTests;
				PRODUCT_NAME = "$(TARGET_NAME)";
				SUPPORTED_PLATFORMS = "macosx iphoneos iphonesimulator";
				SWIFT_EMIT_LOC_STRINGS = NO;
				SWIFT_VERSION = 5.0;
			};
			name = Release;
		};
		97C7B39D2910A05E00C9A75B /* Debug */ = {
			isa = XCBuildConfiguration;
			buildSettings = {
				CLANG_CXX_LANGUAGE_STANDARD = "gnu++20";
				CLANG_ENABLE_MODULES = YES;
				CODE_SIGN_STYLE = Automatic;
				CURRENT_PROJECT_VERSION = 1;
				DEFINES_MODULE = YES;
				DYLIB_COMPATIBILITY_VERSION = 1;
				DYLIB_CURRENT_VERSION = 1;
				DYLIB_INSTALL_NAME_BASE = "@rpath";
				GENERATE_INFOPLIST_FILE = YES;
				INFOPLIST_KEY_NSHumanReadableCopyright = "";
				INSTALL_PATH = "$(LOCAL_LIBRARY_DIR)/Frameworks";
				IPHONEOS_DEPLOYMENT_TARGET = 16.0;
				LD_RUNPATH_SEARCH_PATHS = (
					"$(inherited)",
					"@executable_path/Frameworks",
					"@loader_path/Frameworks",
				);
				MARKETING_VERSION = 1.0;
				PRODUCT_BUNDLE_IDENTIFIER = anne.EssentialFeediOS;
				PRODUCT_NAME = "$(TARGET_NAME:c99extidentifier)";
				SDKROOT = iphoneos;
				SKIP_INSTALL = YES;
				SWIFT_EMIT_LOC_STRINGS = YES;
				SWIFT_OPTIMIZATION_LEVEL = "-Onone";
				SWIFT_VERSION = 5.0;
				TARGETED_DEVICE_FAMILY = "1,2";
			};
			name = Debug;
		};
		97C7B39E2910A05E00C9A75B /* Release */ = {
			isa = XCBuildConfiguration;
			buildSettings = {
				CLANG_CXX_LANGUAGE_STANDARD = "gnu++20";
				CLANG_ENABLE_MODULES = YES;
				CODE_SIGN_STYLE = Automatic;
				CURRENT_PROJECT_VERSION = 1;
				DEFINES_MODULE = YES;
				DYLIB_COMPATIBILITY_VERSION = 1;
				DYLIB_CURRENT_VERSION = 1;
				DYLIB_INSTALL_NAME_BASE = "@rpath";
				GENERATE_INFOPLIST_FILE = YES;
				INFOPLIST_KEY_NSHumanReadableCopyright = "";
				INSTALL_PATH = "$(LOCAL_LIBRARY_DIR)/Frameworks";
				IPHONEOS_DEPLOYMENT_TARGET = 16.0;
				LD_RUNPATH_SEARCH_PATHS = (
					"$(inherited)",
					"@executable_path/Frameworks",
					"@loader_path/Frameworks",
				);
				MARKETING_VERSION = 1.0;
				PRODUCT_BUNDLE_IDENTIFIER = anne.EssentialFeediOS;
				PRODUCT_NAME = "$(TARGET_NAME:c99extidentifier)";
				SDKROOT = iphoneos;
				SKIP_INSTALL = YES;
				SWIFT_EMIT_LOC_STRINGS = YES;
				SWIFT_VERSION = 5.0;
				TARGETED_DEVICE_FAMILY = "1,2";
				VALIDATE_PRODUCT = YES;
			};
			name = Release;
		};
		97C7B3A02910A05E00C9A75B /* Debug */ = {
			isa = XCBuildConfiguration;
			buildSettings = {
				ALWAYS_EMBED_SWIFT_STANDARD_LIBRARIES = YES;
				CLANG_CXX_LANGUAGE_STANDARD = "gnu++20";
				CLANG_ENABLE_MODULES = YES;
				CODE_SIGN_STYLE = Automatic;
				CURRENT_PROJECT_VERSION = 1;
				GENERATE_INFOPLIST_FILE = YES;
				IPHONEOS_DEPLOYMENT_TARGET = 16.0;
				LD_RUNPATH_SEARCH_PATHS = (
					"$(inherited)",
					"@executable_path/Frameworks",
					"@loader_path/Frameworks",
				);
				MARKETING_VERSION = 1.0;
				PRODUCT_BUNDLE_IDENTIFIER = anne.EssentialFeediOSTests;
				PRODUCT_NAME = "$(TARGET_NAME)";
				SDKROOT = iphoneos;
				SWIFT_EMIT_LOC_STRINGS = NO;
				SWIFT_OPTIMIZATION_LEVEL = "-Onone";
				SWIFT_VERSION = 5.0;
				TARGETED_DEVICE_FAMILY = "1,2";
			};
			name = Debug;
		};
		97C7B3A12910A05E00C9A75B /* Release */ = {
			isa = XCBuildConfiguration;
			buildSettings = {
				ALWAYS_EMBED_SWIFT_STANDARD_LIBRARIES = YES;
				CLANG_CXX_LANGUAGE_STANDARD = "gnu++20";
				CLANG_ENABLE_MODULES = YES;
				CODE_SIGN_STYLE = Automatic;
				CURRENT_PROJECT_VERSION = 1;
				GENERATE_INFOPLIST_FILE = YES;
				IPHONEOS_DEPLOYMENT_TARGET = 16.0;
				LD_RUNPATH_SEARCH_PATHS = (
					"$(inherited)",
					"@executable_path/Frameworks",
					"@loader_path/Frameworks",
				);
				MARKETING_VERSION = 1.0;
				PRODUCT_BUNDLE_IDENTIFIER = anne.EssentialFeediOSTests;
				PRODUCT_NAME = "$(TARGET_NAME)";
				SDKROOT = iphoneos;
				SWIFT_EMIT_LOC_STRINGS = NO;
				SWIFT_VERSION = 5.0;
				TARGETED_DEVICE_FAMILY = "1,2";
				VALIDATE_PRODUCT = YES;
			};
			name = Release;
		};
		DF967F6F274A8B0A005AC4DE /* Debug */ = {
			isa = XCBuildConfiguration;
			buildSettings = {
				ALWAYS_SEARCH_USER_PATHS = NO;
				CLANG_ANALYZER_NONNULL = YES;
				CLANG_ANALYZER_NUMBER_OBJECT_CONVERSION = YES_AGGRESSIVE;
				CLANG_CXX_LANGUAGE_STANDARD = "gnu++14";
				CLANG_CXX_LIBRARY = "libc++";
				CLANG_ENABLE_MODULES = YES;
				CLANG_ENABLE_OBJC_ARC = YES;
				CLANG_ENABLE_OBJC_WEAK = YES;
				CLANG_WARN_BLOCK_CAPTURE_AUTORELEASING = YES;
				CLANG_WARN_BOOL_CONVERSION = YES;
				CLANG_WARN_COMMA = YES;
				CLANG_WARN_CONSTANT_CONVERSION = YES;
				CLANG_WARN_DEPRECATED_OBJC_IMPLEMENTATIONS = YES;
				CLANG_WARN_DIRECT_OBJC_ISA_USAGE = YES_ERROR;
				CLANG_WARN_DOCUMENTATION_COMMENTS = YES;
				CLANG_WARN_EMPTY_BODY = YES;
				CLANG_WARN_ENUM_CONVERSION = YES;
				CLANG_WARN_INFINITE_RECURSION = YES;
				CLANG_WARN_INT_CONVERSION = YES;
				CLANG_WARN_NON_LITERAL_NULL_CONVERSION = YES;
				CLANG_WARN_OBJC_IMPLICIT_RETAIN_SELF = YES;
				CLANG_WARN_OBJC_LITERAL_CONVERSION = YES;
				CLANG_WARN_OBJC_ROOT_CLASS = YES_ERROR;
				CLANG_WARN_QUOTED_INCLUDE_IN_FRAMEWORK_HEADER = YES;
				CLANG_WARN_RANGE_LOOP_ANALYSIS = YES;
				CLANG_WARN_STRICT_PROTOTYPES = YES;
				CLANG_WARN_SUSPICIOUS_MOVE = YES;
				CLANG_WARN_UNGUARDED_AVAILABILITY = YES_AGGRESSIVE;
				CLANG_WARN_UNREACHABLE_CODE = YES;
				CLANG_WARN__DUPLICATE_METHOD_MATCH = YES;
				COPY_PHASE_STRIP = NO;
				CURRENT_PROJECT_VERSION = 1;
				DEAD_CODE_STRIPPING = YES;
				DEBUG_INFORMATION_FORMAT = dwarf;
				ENABLE_STRICT_OBJC_MSGSEND = YES;
				ENABLE_TESTABILITY = YES;
				GCC_C_LANGUAGE_STANDARD = gnu11;
				GCC_DYNAMIC_NO_PIC = NO;
				GCC_NO_COMMON_BLOCKS = YES;
				GCC_OPTIMIZATION_LEVEL = 0;
				GCC_PREPROCESSOR_DEFINITIONS = (
					"DEBUG=1",
					"$(inherited)",
				);
				GCC_WARN_64_TO_32_BIT_CONVERSION = YES;
				GCC_WARN_ABOUT_RETURN_TYPE = YES_ERROR;
				GCC_WARN_UNDECLARED_SELECTOR = YES;
				GCC_WARN_UNINITIALIZED_AUTOS = YES_AGGRESSIVE;
				GCC_WARN_UNUSED_FUNCTION = YES;
				GCC_WARN_UNUSED_VARIABLE = YES;
				MACOSX_DEPLOYMENT_TARGET = 10.15.7;
				MTL_ENABLE_DEBUG_INFO = INCLUDE_SOURCE;
				MTL_FAST_MATH = YES;
				ONLY_ACTIVE_ARCH = YES;
				SDKROOT = macosx;
				SWIFT_ACTIVE_COMPILATION_CONDITIONS = DEBUG;
				SWIFT_OPTIMIZATION_LEVEL = "-Onone";
				VERSIONING_SYSTEM = "apple-generic";
				VERSION_INFO_PREFIX = "";
			};
			name = Debug;
		};
		DF967F70274A8B0A005AC4DE /* Release */ = {
			isa = XCBuildConfiguration;
			buildSettings = {
				ALWAYS_SEARCH_USER_PATHS = NO;
				CLANG_ANALYZER_NONNULL = YES;
				CLANG_ANALYZER_NUMBER_OBJECT_CONVERSION = YES_AGGRESSIVE;
				CLANG_CXX_LANGUAGE_STANDARD = "gnu++14";
				CLANG_CXX_LIBRARY = "libc++";
				CLANG_ENABLE_MODULES = YES;
				CLANG_ENABLE_OBJC_ARC = YES;
				CLANG_ENABLE_OBJC_WEAK = YES;
				CLANG_WARN_BLOCK_CAPTURE_AUTORELEASING = YES;
				CLANG_WARN_BOOL_CONVERSION = YES;
				CLANG_WARN_COMMA = YES;
				CLANG_WARN_CONSTANT_CONVERSION = YES;
				CLANG_WARN_DEPRECATED_OBJC_IMPLEMENTATIONS = YES;
				CLANG_WARN_DIRECT_OBJC_ISA_USAGE = YES_ERROR;
				CLANG_WARN_DOCUMENTATION_COMMENTS = YES;
				CLANG_WARN_EMPTY_BODY = YES;
				CLANG_WARN_ENUM_CONVERSION = YES;
				CLANG_WARN_INFINITE_RECURSION = YES;
				CLANG_WARN_INT_CONVERSION = YES;
				CLANG_WARN_NON_LITERAL_NULL_CONVERSION = YES;
				CLANG_WARN_OBJC_IMPLICIT_RETAIN_SELF = YES;
				CLANG_WARN_OBJC_LITERAL_CONVERSION = YES;
				CLANG_WARN_OBJC_ROOT_CLASS = YES_ERROR;
				CLANG_WARN_QUOTED_INCLUDE_IN_FRAMEWORK_HEADER = YES;
				CLANG_WARN_RANGE_LOOP_ANALYSIS = YES;
				CLANG_WARN_STRICT_PROTOTYPES = YES;
				CLANG_WARN_SUSPICIOUS_MOVE = YES;
				CLANG_WARN_UNGUARDED_AVAILABILITY = YES_AGGRESSIVE;
				CLANG_WARN_UNREACHABLE_CODE = YES;
				CLANG_WARN__DUPLICATE_METHOD_MATCH = YES;
				COPY_PHASE_STRIP = NO;
				CURRENT_PROJECT_VERSION = 1;
				DEAD_CODE_STRIPPING = YES;
				DEBUG_INFORMATION_FORMAT = "dwarf-with-dsym";
				ENABLE_NS_ASSERTIONS = NO;
				ENABLE_STRICT_OBJC_MSGSEND = YES;
				GCC_C_LANGUAGE_STANDARD = gnu11;
				GCC_NO_COMMON_BLOCKS = YES;
				GCC_WARN_64_TO_32_BIT_CONVERSION = YES;
				GCC_WARN_ABOUT_RETURN_TYPE = YES_ERROR;
				GCC_WARN_UNDECLARED_SELECTOR = YES;
				GCC_WARN_UNINITIALIZED_AUTOS = YES_AGGRESSIVE;
				GCC_WARN_UNUSED_FUNCTION = YES;
				GCC_WARN_UNUSED_VARIABLE = YES;
				MACOSX_DEPLOYMENT_TARGET = 10.15.7;
				MTL_ENABLE_DEBUG_INFO = NO;
				MTL_FAST_MATH = YES;
				SDKROOT = macosx;
				SWIFT_COMPILATION_MODE = wholemodule;
				SWIFT_OPTIMIZATION_LEVEL = "-O";
				VERSIONING_SYSTEM = "apple-generic";
				VERSION_INFO_PREFIX = "";
			};
			name = Release;
		};
		DF967F72274A8B0A005AC4DE /* Debug */ = {
			isa = XCBuildConfiguration;
			buildSettings = {
				CLANG_ENABLE_MODULES = YES;
				CODE_SIGN_STYLE = Manual;
				COMBINE_HIDPI_IMAGES = YES;
				DEAD_CODE_STRIPPING = YES;
				DEFINES_MODULE = YES;
				DEVELOPMENT_TEAM = "";
				DYLIB_COMPATIBILITY_VERSION = 1;
				DYLIB_CURRENT_VERSION = 1;
				DYLIB_INSTALL_NAME_BASE = "@rpath";
				INFOPLIST_FILE = EssentialFeed/Info.plist;
				INSTALL_PATH = "$(LOCAL_LIBRARY_DIR)/Frameworks";
				LD_RUNPATH_SEARCH_PATHS = (
					"$(inherited)",
					"@executable_path/../Frameworks",
					"@loader_path/Frameworks",
				);
				MACOSX_DEPLOYMENT_TARGET = 10.15.7;
				PRODUCT_BUNDLE_IDENTIFIER = anne.EssentialFeed;
				PRODUCT_NAME = "$(TARGET_NAME:c99extidentifier)";
				PROVISIONING_PROFILE_SPECIFIER = "";
				SKIP_INSTALL = YES;
				SUPPORTED_PLATFORMS = "macosx iphoneos iphonesimulator";
				SWIFT_OPTIMIZATION_LEVEL = "-Onone";
				SWIFT_VERSION = 5.0;
			};
			name = Debug;
		};
		DF967F73274A8B0A005AC4DE /* Release */ = {
			isa = XCBuildConfiguration;
			buildSettings = {
				CLANG_ENABLE_MODULES = YES;
				CODE_SIGN_STYLE = Manual;
				COMBINE_HIDPI_IMAGES = YES;
				DEAD_CODE_STRIPPING = YES;
				DEFINES_MODULE = YES;
				DEVELOPMENT_TEAM = "";
				DYLIB_COMPATIBILITY_VERSION = 1;
				DYLIB_CURRENT_VERSION = 1;
				DYLIB_INSTALL_NAME_BASE = "@rpath";
				INFOPLIST_FILE = EssentialFeed/Info.plist;
				INSTALL_PATH = "$(LOCAL_LIBRARY_DIR)/Frameworks";
				LD_RUNPATH_SEARCH_PATHS = (
					"$(inherited)",
					"@executable_path/../Frameworks",
					"@loader_path/Frameworks",
				);
				MACOSX_DEPLOYMENT_TARGET = 10.15.7;
				PRODUCT_BUNDLE_IDENTIFIER = anne.EssentialFeed;
				PRODUCT_NAME = "$(TARGET_NAME:c99extidentifier)";
				PROVISIONING_PROFILE_SPECIFIER = "";
				SKIP_INSTALL = YES;
				SUPPORTED_PLATFORMS = "macosx iphoneos iphonesimulator";
				SWIFT_VERSION = 5.0;
			};
			name = Release;
		};
		DF967F75274A8B0A005AC4DE /* Debug */ = {
			isa = XCBuildConfiguration;
			buildSettings = {
				ALWAYS_EMBED_SWIFT_STANDARD_LIBRARIES = YES;
				CLANG_ENABLE_MODULES = YES;
				CODE_SIGN_STYLE = Manual;
				COMBINE_HIDPI_IMAGES = YES;
				DEAD_CODE_STRIPPING = YES;
				DEVELOPMENT_TEAM = "";
				INFOPLIST_FILE = EssentialFeedTests/Info.plist;
				LD_RUNPATH_SEARCH_PATHS = (
					"$(inherited)",
					"@executable_path/../Frameworks",
					"@loader_path/../Frameworks",
				);
				PRODUCT_BUNDLE_IDENTIFIER = anne.EssentialFeedTests;
				PRODUCT_NAME = "$(TARGET_NAME)";
				PROVISIONING_PROFILE_SPECIFIER = "";
				SUPPORTED_PLATFORMS = "macosx iphoneos iphonesimulator";
				SWIFT_OPTIMIZATION_LEVEL = "-Onone";
				SWIFT_VERSION = 5.0;
			};
			name = Debug;
		};
		DF967F76274A8B0A005AC4DE /* Release */ = {
			isa = XCBuildConfiguration;
			buildSettings = {
				ALWAYS_EMBED_SWIFT_STANDARD_LIBRARIES = YES;
				CLANG_ENABLE_MODULES = YES;
				CODE_SIGN_STYLE = Manual;
				COMBINE_HIDPI_IMAGES = YES;
				DEAD_CODE_STRIPPING = YES;
				DEVELOPMENT_TEAM = "";
				INFOPLIST_FILE = EssentialFeedTests/Info.plist;
				LD_RUNPATH_SEARCH_PATHS = (
					"$(inherited)",
					"@executable_path/../Frameworks",
					"@loader_path/../Frameworks",
				);
				PRODUCT_BUNDLE_IDENTIFIER = anne.EssentialFeedTests;
				PRODUCT_NAME = "$(TARGET_NAME)";
				PROVISIONING_PROFILE_SPECIFIER = "";
				SUPPORTED_PLATFORMS = "macosx iphoneos iphonesimulator";
				SWIFT_VERSION = 5.0;
			};
			name = Release;
		};
		DF967FB1274A8BDD005AC4DE /* Debug */ = {
			isa = XCBuildConfiguration;
			buildSettings = {
				CLANG_ENABLE_MODULES = YES;
				CODE_SIGN_STYLE = Manual;
				COMBINE_HIDPI_IMAGES = YES;
				DEAD_CODE_STRIPPING = YES;
				DEVELOPMENT_TEAM = "";
				INFOPLIST_FILE = EssentialFeedAPIEndToEndTests/Info.plist;
				LD_RUNPATH_SEARCH_PATHS = (
					"$(inherited)",
					"@executable_path/../Frameworks",
					"@loader_path/../Frameworks",
				);
				PRODUCT_BUNDLE_IDENTIFIER = anne.EssentialFeedAPIEndToEndTests;
				PRODUCT_NAME = "$(TARGET_NAME)";
				PROVISIONING_PROFILE_SPECIFIER = "";
				SUPPORTED_PLATFORMS = "macosx iphoneos iphonesimulator";
				SWIFT_OPTIMIZATION_LEVEL = "-Onone";
				SWIFT_VERSION = 5.0;
			};
			name = Debug;
		};
		DF967FB2274A8BDD005AC4DE /* Release */ = {
			isa = XCBuildConfiguration;
			buildSettings = {
				CLANG_ENABLE_MODULES = YES;
				CODE_SIGN_STYLE = Manual;
				COMBINE_HIDPI_IMAGES = YES;
				DEAD_CODE_STRIPPING = YES;
				DEVELOPMENT_TEAM = "";
				INFOPLIST_FILE = EssentialFeedAPIEndToEndTests/Info.plist;
				LD_RUNPATH_SEARCH_PATHS = (
					"$(inherited)",
					"@executable_path/../Frameworks",
					"@loader_path/../Frameworks",
				);
				PRODUCT_BUNDLE_IDENTIFIER = anne.EssentialFeedAPIEndToEndTests;
				PRODUCT_NAME = "$(TARGET_NAME)";
				PROVISIONING_PROFILE_SPECIFIER = "";
				SUPPORTED_PLATFORMS = "macosx iphoneos iphonesimulator";
				SWIFT_VERSION = 5.0;
			};
			name = Release;
		};
/* End XCBuildConfiguration section */

/* Begin XCConfigurationList section */
		9768FAB3278F370B00D487D3 /* Build configuration list for PBXNativeTarget "EssentialFeedCacheIntegrationTests" */ = {
			isa = XCConfigurationList;
			buildConfigurations = (
				9768FAB4278F370B00D487D3 /* Debug */,
				9768FAB5278F370B00D487D3 /* Release */,
			);
			defaultConfigurationIsVisible = 0;
			defaultConfigurationName = Release;
		};
		97C7B39C2910A05E00C9A75B /* Build configuration list for PBXNativeTarget "EssentialFeediOS" */ = {
			isa = XCConfigurationList;
			buildConfigurations = (
				97C7B39D2910A05E00C9A75B /* Debug */,
				97C7B39E2910A05E00C9A75B /* Release */,
			);
			defaultConfigurationIsVisible = 0;
			defaultConfigurationName = Release;
		};
		97C7B39F2910A05E00C9A75B /* Build configuration list for PBXNativeTarget "EssentialFeediOSTests" */ = {
			isa = XCConfigurationList;
			buildConfigurations = (
				97C7B3A02910A05E00C9A75B /* Debug */,
				97C7B3A12910A05E00C9A75B /* Release */,
			);
			defaultConfigurationIsVisible = 0;
			defaultConfigurationName = Release;
		};
		DF967F57274A8B0A005AC4DE /* Build configuration list for PBXProject "EssentialFeed" */ = {
			isa = XCConfigurationList;
			buildConfigurations = (
				DF967F6F274A8B0A005AC4DE /* Debug */,
				DF967F70274A8B0A005AC4DE /* Release */,
			);
			defaultConfigurationIsVisible = 0;
			defaultConfigurationName = Release;
		};
		DF967F71274A8B0A005AC4DE /* Build configuration list for PBXNativeTarget "EssentialFeed" */ = {
			isa = XCConfigurationList;
			buildConfigurations = (
				DF967F72274A8B0A005AC4DE /* Debug */,
				DF967F73274A8B0A005AC4DE /* Release */,
			);
			defaultConfigurationIsVisible = 0;
			defaultConfigurationName = Release;
		};
		DF967F74274A8B0A005AC4DE /* Build configuration list for PBXNativeTarget "EssentialFeedTests" */ = {
			isa = XCConfigurationList;
			buildConfigurations = (
				DF967F75274A8B0A005AC4DE /* Debug */,
				DF967F76274A8B0A005AC4DE /* Release */,
			);
			defaultConfigurationIsVisible = 0;
			defaultConfigurationName = Release;
		};
		DF967FB0274A8BDD005AC4DE /* Build configuration list for PBXNativeTarget "EssentialFeedAPIEndToEndTests" */ = {
			isa = XCConfigurationList;
			buildConfigurations = (
				DF967FB1274A8BDD005AC4DE /* Debug */,
				DF967FB2274A8BDD005AC4DE /* Release */,
			);
			defaultConfigurationIsVisible = 0;
			defaultConfigurationName = Release;
		};
/* End XCConfigurationList section */

/* Begin XCVersionGroup section */
		9768FA9B278F25C700D487D3 /* FeedStore.xcdatamodeld */ = {
			isa = XCVersionGroup;
			children = (
				9768FA9C278F25C700D487D3 /* FeedStore.xcdatamodel */,
			);
			currentVersion = 9768FA9C278F25C700D487D3 /* FeedStore.xcdatamodel */;
			path = FeedStore.xcdatamodeld;
			sourceTree = "<group>";
			versionGroupType = wrapper.xcdatamodel;
		};
/* End XCVersionGroup section */
	};
	rootObject = DF967F54274A8B0A005AC4DE /* Project object */;
}
