// !$*UTF8*$!
{
	archiveVersion = 1;
	classes = {
	};
	objectVersion = 50;
	objects = {

/* Begin PBXBuildFile section */
		97476F2527454C210001EE51 /* URLSessionHTTPClientTests.swift in Sources */ = {isa = PBXBuildFile; fileRef = 97476F2427454C210001EE51 /* URLSessionHTTPClientTests.swift */; };
		DF0A8CB0274950A800E02B21 /* URLSessionHTTPClient.swift in Sources */ = {isa = PBXBuildFile; fileRef = DF0A8CAF274950A800E02B21 /* URLSessionHTTPClient.swift */; };
		DF997D86273E97D900C0413A /* FeedItemsMapper.swift in Sources */ = {isa = PBXBuildFile; fileRef = DF997D85273E97D900C0413A /* FeedItemsMapper.swift */; };
		DF997D8A273E990300C0413A /* HttpClient.swift in Sources */ = {isa = PBXBuildFile; fileRef = DF997D89273E990300C0413A /* HttpClient.swift */; };
		DF997D992743D99500C0413A /* FeedLoader.swift in Sources */ = {isa = PBXBuildFile; fileRef = DF997D982743D99500C0413A /* FeedLoader.swift */; };
		DF997DA7274930D200C0413A /* XCTestCase+MemoryLeakTracking.swift in Sources */ = {isa = PBXBuildFile; fileRef = DF997DA6274930D200C0413A /* XCTestCase+MemoryLeakTracking.swift */; };
		DFEABC5727369DC300519C33 /* FeedItem.swift in Sources */ = {isa = PBXBuildFile; fileRef = DFEABC5627369DC300519C33 /* FeedItem.swift */; };
		DFEABC6A27369F1400519C33 /* AppDelegate.swift in Sources */ = {isa = PBXBuildFile; fileRef = DFEABC6927369F1400519C33 /* AppDelegate.swift */; };
		DFEABC722736A4B300519C33 /* RemoteFeedLoader.swift in Sources */ = {isa = PBXBuildFile; fileRef = DFEABC712736A4B300519C33 /* RemoteFeedLoader.swift */; };
		DFF81E4E2737F288000C22C0 /* RemoteFeedLoaderTests.swift in Sources */ = {isa = PBXBuildFile; fileRef = DFF81E4D2737F288000C22C0 /* RemoteFeedLoaderTests.swift */; };
		DFF81E5A2737F2CF000C22C0 /* ViewController.swift in Sources */ = {isa = PBXBuildFile; fileRef = DFF81E592737F2CE000C22C0 /* ViewController.swift */; };
		DFF81E602737F3AC000C22C0 /* SceneDelegate.swift in Sources */ = {isa = PBXBuildFile; fileRef = DFF81E5F2737F3AC000C22C0 /* SceneDelegate.swift */; };
/* End PBXBuildFile section */

/* Begin PBXContainerItemProxy section */
		DFF81E502737F288000C22C0 /* PBXContainerItemProxy */ = {
			isa = PBXContainerItemProxy;
			containerPortal = DFEABC0B273698B400519C33 /* Project object */;
			proxyType = 1;
			remoteGlobalIDString = DFEABC12273698B400519C33;
			remoteInfo = EssentialFeed;
		};
/* End PBXContainerItemProxy section */

/* Begin PBXFileReference section */
		97476F2427454C210001EE51 /* URLSessionHTTPClientTests.swift */ = {isa = PBXFileReference; lastKnownFileType = sourcecode.swift; path = URLSessionHTTPClientTests.swift; sourceTree = "<group>"; };
		DF0A8CAF274950A800E02B21 /* URLSessionHTTPClient.swift */ = {isa = PBXFileReference; lastKnownFileType = sourcecode.swift; path = URLSessionHTTPClient.swift; sourceTree = "<group>"; };
		DF997D85273E97D900C0413A /* FeedItemsMapper.swift */ = {isa = PBXFileReference; lastKnownFileType = sourcecode.swift; path = FeedItemsMapper.swift; sourceTree = "<group>"; };
		DF997D89273E990300C0413A /* HttpClient.swift */ = {isa = PBXFileReference; lastKnownFileType = sourcecode.swift; path = HttpClient.swift; sourceTree = "<group>"; };
		DF997D982743D99500C0413A /* FeedLoader.swift */ = {isa = PBXFileReference; lastKnownFileType = sourcecode.swift; path = FeedLoader.swift; sourceTree = "<group>"; };
		DF997DA6274930D200C0413A /* XCTestCase+MemoryLeakTracking.swift */ = {isa = PBXFileReference; lastKnownFileType = sourcecode.swift; path = "XCTestCase+MemoryLeakTracking.swift"; sourceTree = "<group>"; };
		DFEABC13273698B400519C33 /* EssentialFeed.app */ = {isa = PBXFileReference; explicitFileType = wrapper.application; includeInIndex = 0; path = EssentialFeed.app; sourceTree = BUILT_PRODUCTS_DIR; };
		DFEABC24273698BE00519C33 /* Info.plist */ = {isa = PBXFileReference; lastKnownFileType = text.plist.xml; path = Info.plist; sourceTree = "<group>"; };
		DFEABC5627369DC300519C33 /* FeedItem.swift */ = {isa = PBXFileReference; lastKnownFileType = sourcecode.swift; path = FeedItem.swift; sourceTree = "<group>"; };
		DFEABC6927369F1400519C33 /* AppDelegate.swift */ = {isa = PBXFileReference; lastKnownFileType = sourcecode.swift; path = AppDelegate.swift; sourceTree = "<group>"; };
		DFEABC712736A4B300519C33 /* RemoteFeedLoader.swift */ = {isa = PBXFileReference; lastKnownFileType = sourcecode.swift; path = RemoteFeedLoader.swift; sourceTree = "<group>"; };
		DFF81E4B2737F288000C22C0 /* EssentialFeedTests.xctest */ = {isa = PBXFileReference; explicitFileType = wrapper.cfbundle; includeInIndex = 0; path = EssentialFeedTests.xctest; sourceTree = BUILT_PRODUCTS_DIR; };
		DFF81E4D2737F288000C22C0 /* RemoteFeedLoaderTests.swift */ = {isa = PBXFileReference; lastKnownFileType = sourcecode.swift; path = RemoteFeedLoaderTests.swift; sourceTree = "<group>"; };
		DFF81E4F2737F288000C22C0 /* Info.plist */ = {isa = PBXFileReference; lastKnownFileType = text.plist.xml; path = Info.plist; sourceTree = "<group>"; };
		DFF81E592737F2CE000C22C0 /* ViewController.swift */ = {isa = PBXFileReference; lastKnownFileType = sourcecode.swift; path = ViewController.swift; sourceTree = "<group>"; };
		DFF81E5F2737F3AC000C22C0 /* SceneDelegate.swift */ = {isa = PBXFileReference; lastKnownFileType = sourcecode.swift; path = SceneDelegate.swift; sourceTree = "<group>"; };
/* End PBXFileReference section */

/* Begin PBXFrameworksBuildPhase section */
		DFEABC10273698B400519C33 /* Frameworks */ = {
			isa = PBXFrameworksBuildPhase;
			buildActionMask = 2147483647;
			files = (
			);
			runOnlyForDeploymentPostprocessing = 0;
		};
		DFF81E482737F288000C22C0 /* Frameworks */ = {
			isa = PBXFrameworksBuildPhase;
			buildActionMask = 2147483647;
			files = (
			);
			runOnlyForDeploymentPostprocessing = 0;
		};
/* End PBXFrameworksBuildPhase section */

/* Begin PBXGroup section */
		DF997D8F273E9E6400C0413A /* Feed API */ = {
			isa = PBXGroup;
			children = (
				DF997DAA2749310E00C0413A /* Helpers */,
				DFF81E4D2737F288000C22C0 /* RemoteFeedLoaderTests.swift */,
				97476F2427454C210001EE51 /* URLSessionHTTPClientTests.swift */,
			);
			path = "Feed API";
			sourceTree = "<group>";
		};
		DF997DAA2749310E00C0413A /* Helpers */ = {
			isa = PBXGroup;
			children = (
				DF997DA6274930D200C0413A /* XCTestCase+MemoryLeakTracking.swift */,
			);
			path = Helpers;
			sourceTree = "<group>";
		};
		DFEABC0A273698B400519C33 = {
			isa = PBXGroup;
			children = (
				DFEABC15273698B400519C33 /* EssentialFeed */,
				DFF81E4C2737F288000C22C0 /* EssentialFeedTests */,
				DFEABC14273698B400519C33 /* Products */,
			);
			sourceTree = "<group>";
		};
		DFEABC14273698B400519C33 /* Products */ = {
			isa = PBXGroup;
			children = (
				DFEABC13273698B400519C33 /* EssentialFeed.app */,
				DFF81E4B2737F288000C22C0 /* EssentialFeedTests.xctest */,
			);
			name = Products;
			sourceTree = "<group>";
		};
		DFEABC15273698B400519C33 /* EssentialFeed */ = {
			isa = PBXGroup;
			children = (
				DFEABC6927369F1400519C33 /* AppDelegate.swift */,
				DFF81E5F2737F3AC000C22C0 /* SceneDelegate.swift */,
				DFF81E592737F2CE000C22C0 /* ViewController.swift */,
				DFEABC24273698BE00519C33 /* Info.plist */,
				DFEABC5527369D8E00519C33 /* Feed Feature */,
				DFF81E6727394B37000C22C0 /* Feed API */,
			);
			path = EssentialFeed;
			sourceTree = "<group>";
		};
		DFEABC5527369D8E00519C33 /* Feed Feature */ = {
			isa = PBXGroup;
			children = (
				DFEABC5627369DC300519C33 /* FeedItem.swift */,
				DF997D982743D99500C0413A /* FeedLoader.swift */,
			);
			path = "Feed Feature";
			sourceTree = "<group>";
		};
		DFF81E4C2737F288000C22C0 /* EssentialFeedTests */ = {
			isa = PBXGroup;
			children = (
				DFF81E4F2737F288000C22C0 /* Info.plist */,
				DF997D8F273E9E6400C0413A /* Feed API */,
			);
			path = EssentialFeedTests;
			sourceTree = "<group>";
		};
		DFF81E6727394B37000C22C0 /* Feed API */ = {
			isa = PBXGroup;
			children = (
				DF997D85273E97D900C0413A /* FeedItemsMapper.swift */,
				DF997D89273E990300C0413A /* HttpClient.swift */,
				DFEABC712736A4B300519C33 /* RemoteFeedLoader.swift */,
				DF0A8CAF274950A800E02B21 /* URLSessionHTTPClient.swift */,
			);
			path = "Feed API";
			sourceTree = "<group>";
		};
/* End PBXGroup section */

/* Begin PBXNativeTarget section */
		DFEABC12273698B400519C33 /* EssentialFeed */ = {
			isa = PBXNativeTarget;
			buildConfigurationList = DFEABC3D273698BF00519C33 /* Build configuration list for PBXNativeTarget "EssentialFeed" */;
			buildPhases = (
				DFEABC0F273698B400519C33 /* Sources */,
				DFEABC10273698B400519C33 /* Frameworks */,
				DFEABC11273698B400519C33 /* Resources */,
			);
			buildRules = (
			);
			dependencies = (
			);
			name = EssentialFeed;
			productName = EssentialFeed;
			productReference = DFEABC13273698B400519C33 /* EssentialFeed.app */;
			productType = "com.apple.product-type.application";
		};
		DFF81E4A2737F288000C22C0 /* EssentialFeedTests */ = {
			isa = PBXNativeTarget;
			buildConfigurationList = DFF81E522737F288000C22C0 /* Build configuration list for PBXNativeTarget "EssentialFeedTests" */;
			buildPhases = (
				DFF81E472737F288000C22C0 /* Sources */,
				DFF81E482737F288000C22C0 /* Frameworks */,
				DFF81E492737F288000C22C0 /* Resources */,
			);
			buildRules = (
			);
			dependencies = (
				DFF81E512737F288000C22C0 /* PBXTargetDependency */,
			);
			name = EssentialFeedTests;
			productName = EssentialFeedTests;
			productReference = DFF81E4B2737F288000C22C0 /* EssentialFeedTests.xctest */;
			productType = "com.apple.product-type.bundle.unit-test";
		};
/* End PBXNativeTarget section */

/* Begin PBXProject section */
		DFEABC0B273698B400519C33 /* Project object */ = {
			isa = PBXProject;
			attributes = {
				LastSwiftUpdateCheck = 1220;
				LastUpgradeCheck = 1220;
				TargetAttributes = {
					DFEABC12273698B400519C33 = {
						CreatedOnToolsVersion = 12.2;
						LastSwiftMigration = 1220;
					};
					DFF81E4A2737F288000C22C0 = {
						CreatedOnToolsVersion = 12.2;
						TestTargetID = DFEABC12273698B400519C33;
					};
				};
			};
			buildConfigurationList = DFEABC0E273698B400519C33 /* Build configuration list for PBXProject "EssentialFeed" */;
			compatibilityVersion = "Xcode 9.3";
			developmentRegion = en;
			hasScannedForEncodings = 0;
			knownRegions = (
				en,
				Base,
			);
			mainGroup = DFEABC0A273698B400519C33;
			productRefGroup = DFEABC14273698B400519C33 /* Products */;
			projectDirPath = "";
			projectRoot = "";
			targets = (
				DFEABC12273698B400519C33 /* EssentialFeed */,
				DFF81E4A2737F288000C22C0 /* EssentialFeedTests */,
			);
		};
/* End PBXProject section */

/* Begin PBXResourcesBuildPhase section */
		DFEABC11273698B400519C33 /* Resources */ = {
			isa = PBXResourcesBuildPhase;
			buildActionMask = 2147483647;
			files = (
			);
			runOnlyForDeploymentPostprocessing = 0;
		};
		DFF81E492737F288000C22C0 /* Resources */ = {
			isa = PBXResourcesBuildPhase;
			buildActionMask = 2147483647;
			files = (
			);
			runOnlyForDeploymentPostprocessing = 0;
		};
/* End PBXResourcesBuildPhase section */

/* Begin PBXSourcesBuildPhase section */
		DFEABC0F273698B400519C33 /* Sources */ = {
			isa = PBXSourcesBuildPhase;
			buildActionMask = 2147483647;
			files = (
				DFF81E5A2737F2CF000C22C0 /* ViewController.swift in Sources */,
				DFEABC722736A4B300519C33 /* RemoteFeedLoader.swift in Sources */,
				DF997D8A273E990300C0413A /* HttpClient.swift in Sources */,
				DFEABC6A27369F1400519C33 /* AppDelegate.swift in Sources */,
				DF997D86273E97D900C0413A /* FeedItemsMapper.swift in Sources */,
				DFEABC5727369DC300519C33 /* FeedItem.swift in Sources */,
				DF997D992743D99500C0413A /* FeedLoader.swift in Sources */,
				DFF81E602737F3AC000C22C0 /* SceneDelegate.swift in Sources */,
				DF0A8CB0274950A800E02B21 /* URLSessionHTTPClient.swift in Sources */,
			);
			runOnlyForDeploymentPostprocessing = 0;
		};
		DFF81E472737F288000C22C0 /* Sources */ = {
			isa = PBXSourcesBuildPhase;
			buildActionMask = 2147483647;
			files = (
				DFF81E4E2737F288000C22C0 /* RemoteFeedLoaderTests.swift in Sources */,
				97476F2527454C210001EE51 /* URLSessionHTTPClientTests.swift in Sources */,
				DF997DA7274930D200C0413A /* XCTestCase+MemoryLeakTracking.swift in Sources */,
			);
			runOnlyForDeploymentPostprocessing = 0;
		};
/* End PBXSourcesBuildPhase section */

/* Begin PBXTargetDependency section */
		DFF81E512737F288000C22C0 /* PBXTargetDependency */ = {
			isa = PBXTargetDependency;
			target = DFEABC12273698B400519C33 /* EssentialFeed */;
			targetProxy = DFF81E502737F288000C22C0 /* PBXContainerItemProxy */;
		};
/* End PBXTargetDependency section */

/* Begin XCBuildConfiguration section */
		DFEABC3B273698BF00519C33 /* Debug */ = {
			isa = XCBuildConfiguration;
			buildSettings = {
				ALWAYS_SEARCH_USER_PATHS = NO;
				CLANG_ANALYZER_NONNULL = YES;
				CLANG_ANALYZER_NUMBER_OBJECT_CONVERSION = YES_AGGRESSIVE;
				CLANG_CXX_LANGUAGE_STANDARD = "gnu++14";
				CLANG_CXX_LIBRARY = "libc++";
				CLANG_ENABLE_MODULES = YES;
				CLANG_ENABLE_OBJC_ARC = YES;
				CLANG_ENABLE_OBJC_WEAK = YES;
				CLANG_WARN_BLOCK_CAPTURE_AUTORELEASING = YES;
				CLANG_WARN_BOOL_CONVERSION = YES;
				CLANG_WARN_COMMA = YES;
				CLANG_WARN_CONSTANT_CONVERSION = YES;
				CLANG_WARN_DEPRECATED_OBJC_IMPLEMENTATIONS = YES;
				CLANG_WARN_DIRECT_OBJC_ISA_USAGE = YES_ERROR;
				CLANG_WARN_DOCUMENTATION_COMMENTS = YES;
				CLANG_WARN_EMPTY_BODY = YES;
				CLANG_WARN_ENUM_CONVERSION = YES;
				CLANG_WARN_INFINITE_RECURSION = YES;
				CLANG_WARN_INT_CONVERSION = YES;
				CLANG_WARN_NON_LITERAL_NULL_CONVERSION = YES;
				CLANG_WARN_OBJC_IMPLICIT_RETAIN_SELF = YES;
				CLANG_WARN_OBJC_LITERAL_CONVERSION = YES;
				CLANG_WARN_OBJC_ROOT_CLASS = YES_ERROR;
				CLANG_WARN_QUOTED_INCLUDE_IN_FRAMEWORK_HEADER = YES;
				CLANG_WARN_RANGE_LOOP_ANALYSIS = YES;
				CLANG_WARN_STRICT_PROTOTYPES = YES;
				CLANG_WARN_SUSPICIOUS_MOVE = YES;
				CLANG_WARN_UNGUARDED_AVAILABILITY = YES_AGGRESSIVE;
				CLANG_WARN_UNREACHABLE_CODE = YES;
				CLANG_WARN__DUPLICATE_METHOD_MATCH = YES;
				COPY_PHASE_STRIP = NO;
				DEBUG_INFORMATION_FORMAT = dwarf;
				ENABLE_STRICT_OBJC_MSGSEND = YES;
				ENABLE_TESTABILITY = YES;
				GCC_C_LANGUAGE_STANDARD = gnu11;
				GCC_DYNAMIC_NO_PIC = NO;
				GCC_NO_COMMON_BLOCKS = YES;
				GCC_OPTIMIZATION_LEVEL = 0;
				GCC_PREPROCESSOR_DEFINITIONS = (
					"DEBUG=1",
					"$(inherited)",
				);
				GCC_WARN_64_TO_32_BIT_CONVERSION = YES;
				GCC_WARN_ABOUT_RETURN_TYPE = YES_ERROR;
				GCC_WARN_UNDECLARED_SELECTOR = YES;
				GCC_WARN_UNINITIALIZED_AUTOS = YES_AGGRESSIVE;
				GCC_WARN_UNUSED_FUNCTION = YES;
				GCC_WARN_UNUSED_VARIABLE = YES;
				IPHONEOS_DEPLOYMENT_TARGET = 14.2;
				MTL_ENABLE_DEBUG_INFO = INCLUDE_SOURCE;
				MTL_FAST_MATH = YES;
				ONLY_ACTIVE_ARCH = YES;
				SDKROOT = iphoneos;
				SWIFT_ACTIVE_COMPILATION_CONDITIONS = DEBUG;
				SWIFT_OPTIMIZATION_LEVEL = "-Onone";
			};
			name = Debug;
		};
		DFEABC3C273698BF00519C33 /* Release */ = {
			isa = XCBuildConfiguration;
			buildSettings = {
				ALWAYS_SEARCH_USER_PATHS = NO;
				CLANG_ANALYZER_NONNULL = YES;
				CLANG_ANALYZER_NUMBER_OBJECT_CONVERSION = YES_AGGRESSIVE;
				CLANG_CXX_LANGUAGE_STANDARD = "gnu++14";
				CLANG_CXX_LIBRARY = "libc++";
				CLANG_ENABLE_MODULES = YES;
				CLANG_ENABLE_OBJC_ARC = YES;
				CLANG_ENABLE_OBJC_WEAK = YES;
				CLANG_WARN_BLOCK_CAPTURE_AUTORELEASING = YES;
				CLANG_WARN_BOOL_CONVERSION = YES;
				CLANG_WARN_COMMA = YES;
				CLANG_WARN_CONSTANT_CONVERSION = YES;
				CLANG_WARN_DEPRECATED_OBJC_IMPLEMENTATIONS = YES;
				CLANG_WARN_DIRECT_OBJC_ISA_USAGE = YES_ERROR;
				CLANG_WARN_DOCUMENTATION_COMMENTS = YES;
				CLANG_WARN_EMPTY_BODY = YES;
				CLANG_WARN_ENUM_CONVERSION = YES;
				CLANG_WARN_INFINITE_RECURSION = YES;
				CLANG_WARN_INT_CONVERSION = YES;
				CLANG_WARN_NON_LITERAL_NULL_CONVERSION = YES;
				CLANG_WARN_OBJC_IMPLICIT_RETAIN_SELF = YES;
				CLANG_WARN_OBJC_LITERAL_CONVERSION = YES;
				CLANG_WARN_OBJC_ROOT_CLASS = YES_ERROR;
				CLANG_WARN_QUOTED_INCLUDE_IN_FRAMEWORK_HEADER = YES;
				CLANG_WARN_RANGE_LOOP_ANALYSIS = YES;
				CLANG_WARN_STRICT_PROTOTYPES = YES;
				CLANG_WARN_SUSPICIOUS_MOVE = YES;
				CLANG_WARN_UNGUARDED_AVAILABILITY = YES_AGGRESSIVE;
				CLANG_WARN_UNREACHABLE_CODE = YES;
				CLANG_WARN__DUPLICATE_METHOD_MATCH = YES;
				COPY_PHASE_STRIP = NO;
				DEBUG_INFORMATION_FORMAT = "dwarf-with-dsym";
				ENABLE_NS_ASSERTIONS = NO;
				ENABLE_STRICT_OBJC_MSGSEND = YES;
				GCC_C_LANGUAGE_STANDARD = gnu11;
				GCC_NO_COMMON_BLOCKS = YES;
				GCC_WARN_64_TO_32_BIT_CONVERSION = YES;
				GCC_WARN_ABOUT_RETURN_TYPE = YES_ERROR;
				GCC_WARN_UNDECLARED_SELECTOR = YES;
				GCC_WARN_UNINITIALIZED_AUTOS = YES_AGGRESSIVE;
				GCC_WARN_UNUSED_FUNCTION = YES;
				GCC_WARN_UNUSED_VARIABLE = YES;
				IPHONEOS_DEPLOYMENT_TARGET = 14.2;
				MTL_ENABLE_DEBUG_INFO = NO;
				MTL_FAST_MATH = YES;
				SDKROOT = iphoneos;
				SWIFT_COMPILATION_MODE = wholemodule;
				SWIFT_OPTIMIZATION_LEVEL = "-O";
				VALIDATE_PRODUCT = YES;
			};
			name = Release;
		};
		DFEABC3E273698BF00519C33 /* Debug */ = {
			isa = XCBuildConfiguration;
			buildSettings = {
				ASSETCATALOG_COMPILER_APPICON_NAME = AppIcon;
				ASSETCATALOG_COMPILER_GLOBAL_ACCENT_COLOR_NAME = AccentColor;
				CLANG_ENABLE_MODULES = YES;
				CODE_SIGN_STYLE = Automatic;
				DEVELOPMENT_TEAM = F476P237J6;
				INFOPLIST_FILE = EssentialFeed/Info.plist;
				LD_RUNPATH_SEARCH_PATHS = (
					"$(inherited)",
					"@executable_path/Frameworks",
				);
				PRODUCT_BUNDLE_IDENTIFIER = anne.EssentialFeed;
				PRODUCT_NAME = "$(TARGET_NAME)";
				SWIFT_OPTIMIZATION_LEVEL = "-Onone";
				SWIFT_VERSION = 5.0;
				TARGETED_DEVICE_FAMILY = "1,2";
			};
			name = Debug;
		};
		DFEABC3F273698BF00519C33 /* Release */ = {
			isa = XCBuildConfiguration;
			buildSettings = {
				ASSETCATALOG_COMPILER_APPICON_NAME = AppIcon;
				ASSETCATALOG_COMPILER_GLOBAL_ACCENT_COLOR_NAME = AccentColor;
				CLANG_ENABLE_MODULES = YES;
				CODE_SIGN_STYLE = Automatic;
				DEVELOPMENT_TEAM = F476P237J6;
				INFOPLIST_FILE = EssentialFeed/Info.plist;
				LD_RUNPATH_SEARCH_PATHS = (
					"$(inherited)",
					"@executable_path/Frameworks",
				);
				PRODUCT_BUNDLE_IDENTIFIER = anne.EssentialFeed;
				PRODUCT_NAME = "$(TARGET_NAME)";
				SWIFT_VERSION = 5.0;
				TARGETED_DEVICE_FAMILY = "1,2";
			};
			name = Release;
		};
		DFF81E532737F288000C22C0 /* Debug */ = {
			isa = XCBuildConfiguration;
			buildSettings = {
				BUNDLE_LOADER = "$(TEST_HOST)";
				CODE_SIGN_STYLE = Automatic;
				DEVELOPMENT_TEAM = F476P237J6;
				INFOPLIST_FILE = EssentialFeedTests/Info.plist;
				LD_RUNPATH_SEARCH_PATHS = (
					"$(inherited)",
					"@executable_path/Frameworks",
					"@loader_path/Frameworks",
				);
				PRODUCT_BUNDLE_IDENTIFIER = anne.EssentialFeedTests;
				PRODUCT_NAME = "$(TARGET_NAME)";
				SWIFT_VERSION = 5.0;
				TARGETED_DEVICE_FAMILY = "1,2";
				TEST_HOST = "$(BUILT_PRODUCTS_DIR)/EssentialFeed.app/EssentialFeed";
			};
			name = Debug;
		};
		DFF81E542737F288000C22C0 /* Release */ = {
			isa = XCBuildConfiguration;
			buildSettings = {
				BUNDLE_LOADER = "$(TEST_HOST)";
				CODE_SIGN_STYLE = Automatic;
				DEVELOPMENT_TEAM = F476P237J6;
				INFOPLIST_FILE = EssentialFeedTests/Info.plist;
				LD_RUNPATH_SEARCH_PATHS = (
					"$(inherited)",
					"@executable_path/Frameworks",
					"@loader_path/Frameworks",
				);
				PRODUCT_BUNDLE_IDENTIFIER = anne.EssentialFeedTests;
				PRODUCT_NAME = "$(TARGET_NAME)";
				SWIFT_VERSION = 5.0;
				TARGETED_DEVICE_FAMILY = "1,2";
				TEST_HOST = "$(BUILT_PRODUCTS_DIR)/EssentialFeed.app/EssentialFeed";
			};
			name = Release;
		};
/* End XCBuildConfiguration section */

/* Begin XCConfigurationList section */
		DFEABC0E273698B400519C33 /* Build configuration list for PBXProject "EssentialFeed" */ = {
			isa = XCConfigurationList;
			buildConfigurations = (
				DFEABC3B273698BF00519C33 /* Debug */,
				DFEABC3C273698BF00519C33 /* Release */,
			);
			defaultConfigurationIsVisible = 0;
			defaultConfigurationName = Release;
		};
		DFEABC3D273698BF00519C33 /* Build configuration list for PBXNativeTarget "EssentialFeed" */ = {
			isa = XCConfigurationList;
			buildConfigurations = (
				DFEABC3E273698BF00519C33 /* Debug */,
				DFEABC3F273698BF00519C33 /* Release */,
			);
			defaultConfigurationIsVisible = 0;
			defaultConfigurationName = Release;
		};
		DFF81E522737F288000C22C0 /* Build configuration list for PBXNativeTarget "EssentialFeedTests" */ = {
			isa = XCConfigurationList;
			buildConfigurations = (
				DFF81E532737F288000C22C0 /* Debug */,
				DFF81E542737F288000C22C0 /* Release */,
			);
			defaultConfigurationIsVisible = 0;
			defaultConfigurationName = Release;
		};
/* End XCConfigurationList section */
	};
	rootObject = DFEABC0B273698B400519C33 /* Project object */;
}
